// !$*UTF8*$!
{
	archiveVersion = 1;
	classes = {
	};
	objectVersion = 55;
	objects = {

/* Begin PBXBuildFile section */
		11BCE701FED842995CC620D0 /* Pods_CloudJumpersTests.framework in Frameworks */ = {isa = PBXBuildFile; fileRef = 4384FF4C783FF4777E3F4673 /* Pods_CloudJumpersTests.framework */; };
		1A4E3D7027D85BC80033A29D /* AppDelegate.swift in Sources */ = {isa = PBXBuildFile; fileRef = 1A4E3D6F27D85BC80033A29D /* AppDelegate.swift */; };
		1A4E3D7227D85BC80033A29D /* SceneDelegate.swift in Sources */ = {isa = PBXBuildFile; fileRef = 1A4E3D7127D85BC80033A29D /* SceneDelegate.swift */; };
		1A4E3D7727D85BC80033A29D /* Main.storyboard in Resources */ = {isa = PBXBuildFile; fileRef = 1A4E3D7527D85BC80033A29D /* Main.storyboard */; };
		1A4E3D7927D85BCA0033A29D /* Assets.xcassets in Resources */ = {isa = PBXBuildFile; fileRef = 1A4E3D7827D85BCA0033A29D /* Assets.xcassets */; };
		1A4E3D7C27D85BCA0033A29D /* LaunchScreen.storyboard in Resources */ = {isa = PBXBuildFile; fileRef = 1A4E3D7A27D85BCA0033A29D /* LaunchScreen.storyboard */; };
		1A91C91827E0969500D755BE /* Images.swift in Sources */ = {isa = PBXBuildFile; fileRef = 1A91C91727E0969500D755BE /* Images.swift */; };
		1A91C91A27E099E000D755BE /* Textures.swift in Sources */ = {isa = PBXBuildFile; fileRef = 1A91C91927E099E000D755BE /* Textures.swift */; };
		1A91C92627E099F400D755BE /* Clouds.atlas in Resources */ = {isa = PBXBuildFile; fileRef = 1A91C91F27E099F400D755BE /* Clouds.atlas */; };
		1A91C92927E099F400D755BE /* Buttons.atlas in Resources */ = {isa = PBXBuildFile; fileRef = 1A91C92227E099F400D755BE /* Buttons.atlas */; };
		1A94D93627EB41E0001D8A86 /* Joystick.swift in Sources */ = {isa = PBXBuildFile; fileRef = 1A94D93527EB41E0001D8A86 /* Joystick.swift */; };
		1A94D93827EB4AB9001D8A86 /* InputResponder.swift in Sources */ = {isa = PBXBuildFile; fileRef = 1A94D93727EB4AB9001D8A86 /* InputResponder.swift */; };
		1A94D93A27EB5090001D8A86 /* JumpButton.swift in Sources */ = {isa = PBXBuildFile; fileRef = 1A94D93927EB5090001D8A86 /* JumpButton.swift */; };
		1A94D94227ECB808001D8A86 /* Character1.atlas in Resources */ = {isa = PBXBuildFile; fileRef = 1A94D94127ECB808001D8A86 /* Character1.atlas */; };
		1A94D95327ED8709001D8A86 /* SpriteComponent.swift in Sources */ = {isa = PBXBuildFile; fileRef = 1A94D94727ED8709001D8A86 /* SpriteComponent.swift */; };
		1A94D95427ED8709001D8A86 /* AnimationComponent.swift in Sources */ = {isa = PBXBuildFile; fileRef = 1A94D94827ED8709001D8A86 /* AnimationComponent.swift */; };
		1A94D95527ED8709001D8A86 /* PhysicsComponent.swift in Sources */ = {isa = PBXBuildFile; fileRef = 1A94D94927ED8709001D8A86 /* PhysicsComponent.swift */; };
		1A94D95627ED8709001D8A86 /* TimedComponent.swift in Sources */ = {isa = PBXBuildFile; fileRef = 1A94D94A27ED8709001D8A86 /* TimedComponent.swift */; };
		1A94D95727ED8709001D8A86 /* TimedLabel.swift in Sources */ = {isa = PBXBuildFile; fileRef = 1A94D94C27ED8709001D8A86 /* TimedLabel.swift */; };
		1A94D95827ED8709001D8A86 /* Cloud.swift in Sources */ = {isa = PBXBuildFile; fileRef = 1A94D94D27ED8709001D8A86 /* Cloud.swift */; };
		1A94D95927ED8709001D8A86 /* Platform.swift in Sources */ = {isa = PBXBuildFile; fileRef = 1A94D94E27ED8709001D8A86 /* Platform.swift */; };
		1A94D95A27ED8709001D8A86 /* Player.swift in Sources */ = {isa = PBXBuildFile; fileRef = 1A94D94F27ED8709001D8A86 /* Player.swift */; };
		1A94D95B27ED8709001D8A86 /* SpriteSystem.swift in Sources */ = {isa = PBXBuildFile; fileRef = 1A94D95127ED8709001D8A86 /* SpriteSystem.swift */; };
		1A94D95C27ED8709001D8A86 /* TimedSystem.swift in Sources */ = {isa = PBXBuildFile; fileRef = 1A94D95227ED8709001D8A86 /* TimedSystem.swift */; };
		1A94D96027EDEA1D001D8A86 /* SKNode+EntityID.swift in Sources */ = {isa = PBXBuildFile; fileRef = 1A94D95F27EDEA1D001D8A86 /* SKNode+EntityID.swift */; };
		1A94D96227EE02FD001D8A86 /* Events.swift in Sources */ = {isa = PBXBuildFile; fileRef = 1A94D96127EE02FD001D8A86 /* Events.swift */; };
		1A94D96427EE0D4D001D8A86 /* MoveEvent.swift in Sources */ = {isa = PBXBuildFile; fileRef = 1A94D96327EE0D4D001D8A86 /* MoveEvent.swift */; };
		1A94D96627EE0EF2001D8A86 /* JumpEvent.swift in Sources */ = {isa = PBXBuildFile; fileRef = 1A94D96527EE0EF2001D8A86 /* JumpEvent.swift */; };
		1A94D96827EE12E3001D8A86 /* Heap.swift in Sources */ = {isa = PBXBuildFile; fileRef = 1A94D96727EE12E3001D8A86 /* Heap.swift */; };
		1A94D96B27EE1465001D8A86 /* PriorityQueue.swift in Sources */ = {isa = PBXBuildFile; fileRef = 1A94D96A27EE1465001D8A86 /* PriorityQueue.swift */; };
		1A94D96F27EEB361001D8A86 /* AnimateEvent.swift in Sources */ = {isa = PBXBuildFile; fileRef = 1A94D96E27EEB360001D8A86 /* AnimateEvent.swift */; };
		1A94D97127EEEC36001D8A86 /* InventoryComponent.swift in Sources */ = {isa = PBXBuildFile; fileRef = 1A94D97027EEEC36001D8A86 /* InventoryComponent.swift */; };
		1A94D97327EEED61001D8A86 /* ObtainEvent.swift in Sources */ = {isa = PBXBuildFile; fileRef = 1A94D97227EEED61001D8A86 /* ObtainEvent.swift */; };
		1AC1603E27F19369006E4018 /* Blueprint.swift in Sources */ = {isa = PBXBuildFile; fileRef = 1AC1603D27F19369006E4018 /* Blueprint.swift */; };
		1AC1604027F19386006E4018 /* LevelGenerator.swift in Sources */ = {isa = PBXBuildFile; fileRef = 1AC1603F27F19386006E4018 /* LevelGenerator.swift */; };
		1AC1605327F2F56D006E4018 /* GameEngine.swift in Sources */ = {isa = PBXBuildFile; fileRef = 1AC1605227F2F56D006E4018 /* GameEngine.swift */; };
		1ACE976E27E60D50005AA18B /* GameEngineDelegate.swift in Sources */ = {isa = PBXBuildFile; fileRef = 1ACE976D27E60D50005AA18B /* GameEngineDelegate.swift */; };
		1ACE97C827EB26BB005AA18B /* Component.swift in Sources */ = {isa = PBXBuildFile; fileRef = 1ACE97C327EB26BB005AA18B /* Component.swift */; };
		1ACE97C927EB26BB005AA18B /* EntityManager.swift in Sources */ = {isa = PBXBuildFile; fileRef = 1ACE97C427EB26BB005AA18B /* EntityManager.swift */; };
		1ACE97CA27EB26BB005AA18B /* Entity.swift in Sources */ = {isa = PBXBuildFile; fileRef = 1ACE97C527EB26BB005AA18B /* Entity.swift */; };
		1ACE97CB27EB26BB005AA18B /* System.swift in Sources */ = {isa = PBXBuildFile; fileRef = 1ACE97C627EB26BB005AA18B /* System.swift */; };
		1ADB964C27E30F6A00D6E130 /* GameSceneDelegate.swift in Sources */ = {isa = PBXBuildFile; fileRef = 1ADB964B27E30F6A00D6E130 /* GameSceneDelegate.swift */; };
		3E246B4827DDAB1300D51300 /* GameViewController.swift in Sources */ = {isa = PBXBuildFile; fileRef = 3E246B4727DDAB1300D51300 /* GameViewController.swift */; };
		3E246B4927DDAB3100D51300 /* Constants.swift in Sources */ = {isa = PBXBuildFile; fileRef = 3E58412A27DBABF4005B2EB9 /* Constants.swift */; };
		3E246B5327DE05E500D51300 /* SpriteZPosition.swift in Sources */ = {isa = PBXBuildFile; fileRef = 3E246B5227DE05E500D51300 /* SpriteZPosition.swift */; };
		3E246B5727DE0EED00D51300 /* GameScene.sks in Resources */ = {isa = PBXBuildFile; fileRef = 3E246B5627DE0EED00D51300 /* GameScene.sks */; };
		3E246B8127E3414400D51300 /* EndGameViewController.swift in Sources */ = {isa = PBXBuildFile; fileRef = 3E246B8027E3414400D51300 /* EndGameViewController.swift */; };
		3E335FC527E6F00700817B5B /* EndGameConstants.swift in Sources */ = {isa = PBXBuildFile; fileRef = 3E335FC427E6F00700817B5B /* EndGameConstants.swift */; };
		3E335FC927E6F51B00817B5B /* EndGameCell.swift in Sources */ = {isa = PBXBuildFile; fileRef = 3E335FC827E6F51B00817B5B /* EndGameCell.swift */; };
		3E81C0E127EF359300184C55 /* GameArea.swift in Sources */ = {isa = PBXBuildFile; fileRef = 3E81C0E027EF359300184C55 /* GameArea.swift */; };
		3E81C0E327EF36FE00184C55 /* PowerUp.swift in Sources */ = {isa = PBXBuildFile; fileRef = 3E81C0E227EF36FE00184C55 /* PowerUp.swift */; };
		3E81C0E527EF37BC00184C55 /* PowerUpType.swift in Sources */ = {isa = PBXBuildFile; fileRef = 3E81C0E427EF37BC00184C55 /* PowerUpType.swift */; };
		3E81C0E827EF3FDF00184C55 /* ActivatePowerUpEvent.swift in Sources */ = {isa = PBXBuildFile; fileRef = 3E81C0E727EF3FDF00184C55 /* ActivatePowerUpEvent.swift */; };
		3E81C0EA27EF439700184C55 /* PowerUpEffect.swift in Sources */ = {isa = PBXBuildFile; fileRef = 3E81C0E927EF439700184C55 /* PowerUpEffect.swift */; };
		931D130327ECA023002C7AF3 /* GameKeys.swift in Sources */ = {isa = PBXBuildFile; fileRef = 931D130227ECA023002C7AF3 /* GameKeys.swift */; };
		931D130527ECB022002C7AF3 /* DefaultCommand.swift in Sources */ = {isa = PBXBuildFile; fileRef = 931D130427ECB022002C7AF3 /* DefaultCommand.swift */; };
		931D130727ECB50A002C7AF3 /* FirebaseGameEventDispatcher.swift in Sources */ = {isa = PBXBuildFile; fileRef = 931D130627ECB50A002C7AF3 /* FirebaseGameEventDispatcher.swift */; };
		931D130B27ECBC50002C7AF3 /* CJNetworkEncoder.swift in Sources */ = {isa = PBXBuildFile; fileRef = 931D130A27ECBC50002C7AF3 /* CJNetworkEncoder.swift */; };
		93360B8B27EC8AA700808295 /* GameEventCommand.swift in Sources */ = {isa = PBXBuildFile; fileRef = 93360B8A27EC8AA700808295 /* GameEventCommand.swift */; };
		93360B9327EC919100808295 /* MoveEventCommand.swift in Sources */ = {isa = PBXBuildFile; fileRef = 93360B9227EC919100808295 /* MoveEventCommand.swift */; };
		93360B9D27EC9CB100808295 /* GameEventListener.swift in Sources */ = {isa = PBXBuildFile; fileRef = 93360B9C27EC9CB100808295 /* GameEventListener.swift */; };
		93360B9F27EC9CDA00808295 /* GameEventDispatcher.swift in Sources */ = {isa = PBXBuildFile; fileRef = 93360B9E27EC9CDA00808295 /* GameEventDispatcher.swift */; };
		93360BA227EC9D4C00808295 /* FirebaseGameEventListener.swift in Sources */ = {isa = PBXBuildFile; fileRef = 93360BA127EC9D4C00808295 /* FirebaseGameEventListener.swift */; };
		9339BF0127E6264800FC8077 /* HighscoreManager.swift in Sources */ = {isa = PBXBuildFile; fileRef = 9339BF0027E6264800FC8077 /* HighscoreManager.swift */; };
		9339BF0327E626AE00FC8077 /* Highscore.swift in Sources */ = {isa = PBXBuildFile; fileRef = 9339BF0227E626AE00FC8077 /* Highscore.swift */; };
		9339BF0527E6271E00FC8077 /* HighscoreConstants.swift in Sources */ = {isa = PBXBuildFile; fileRef = 9339BF0427E6271E00FC8077 /* HighscoreConstants.swift */; };
		9339BF0727E62E9700FC8077 /* HighscoreResponse.swift in Sources */ = {isa = PBXBuildFile; fileRef = 9339BF0627E62E9700FC8077 /* HighscoreResponse.swift */; };
		9344624E27E502DE00063BE9 /* NetworkCallback.swift in Sources */ = {isa = PBXBuildFile; fileRef = 9344624D27E502DE00063BE9 /* NetworkCallback.swift */; };
		9344625027E5935000063BE9 /* LobbyUserCell.swift in Sources */ = {isa = PBXBuildFile; fileRef = 9344624F27E5935000063BE9 /* LobbyUserCell.swift */; };
		9344625227E5975300063BE9 /* GoogleService-Info.plist in Resources */ = {isa = PBXBuildFile; fileRef = 9344625127E5975300063BE9 /* GoogleService-Info.plist */; };
		9344625627E5B90700063BE9 /* ListenerDelegate.swift in Sources */ = {isa = PBXBuildFile; fileRef = 9344625527E5B90700063BE9 /* ListenerDelegate.swift */; };
		9344625827E5B9A200063BE9 /* FirebaseListenerDelegate.swift in Sources */ = {isa = PBXBuildFile; fileRef = 9344625727E5B9A200063BE9 /* FirebaseListenerDelegate.swift */; };
		934789AC27DEEA5B00324DAF /* AuthToastConstants.swift in Sources */ = {isa = PBXBuildFile; fileRef = 934789AB27DEEA5B00324DAF /* AuthToastConstants.swift */; };
		934789B327DF04ED00324DAF /* LobbiesViewController.swift in Sources */ = {isa = PBXBuildFile; fileRef = 934789B227DF04ED00324DAF /* LobbiesViewController.swift */; };
		934789B527DF04FD00324DAF /* LobbyViewController.swift in Sources */ = {isa = PBXBuildFile; fileRef = 934789B427DF04FD00324DAF /* LobbyViewController.swift */; };
		934789B827DF06BC00324DAF /* LobbyListing.swift in Sources */ = {isa = PBXBuildFile; fileRef = 934789B727DF06BC00324DAF /* LobbyListing.swift */; };
		934789BA27DF06E300324DAF /* LobbyUser.swift in Sources */ = {isa = PBXBuildFile; fileRef = 934789B927DF06E300324DAF /* LobbyUser.swift */; };
		934789BC27DF07E800324DAF /* LobbyUtils.swift in Sources */ = {isa = PBXBuildFile; fileRef = 934789BB27DF07E800324DAF /* LobbyUtils.swift */; };
		934789BE27DF090900324DAF /* LobbyConstants.swift in Sources */ = {isa = PBXBuildFile; fileRef = 934789BD27DF090900324DAF /* LobbyConstants.swift */; };
		934789C227DF0F7F00324DAF /* GameLobby.swift in Sources */ = {isa = PBXBuildFile; fileRef = 934789C127DF0F7F00324DAF /* GameLobby.swift */; };
		934789C627DF1AAB00324DAF /* FirebaseUpdaterDelegate.swift in Sources */ = {isa = PBXBuildFile; fileRef = 934789C527DF1AAB00324DAF /* FirebaseUpdaterDelegate.swift */; };
		934789C827DF576E00324DAF /* LobbyKeys.swift in Sources */ = {isa = PBXBuildFile; fileRef = 934789C727DF576E00324DAF /* LobbyKeys.swift */; };
		934789CA27DF6B5700324DAF /* LobbyCell.swift in Sources */ = {isa = PBXBuildFile; fileRef = 934789C927DF6B5700324DAF /* LobbyCell.swift */; };
		9353463E27F02D5400DC6F9E /* OnlineRepositionEvent.swift in Sources */ = {isa = PBXBuildFile; fileRef = 9353463D27F02D5400DC6F9E /* OnlineRepositionEvent.swift */; };
		9353464027F02DA400DC6F9E /* RepositionEventCommand.swift in Sources */ = {isa = PBXBuildFile; fileRef = 9353463F27F02DA400DC6F9E /* RepositionEventCommand.swift */; };
		9353464227F02EFA00DC6F9E /* RepositionEvent.swift in Sources */ = {isa = PBXBuildFile; fileRef = 9353464127F02EFA00DC6F9E /* RepositionEvent.swift */; };
		9353464627F04DDD00DC6F9E /* GameConstants.swift in Sources */ = {isa = PBXBuildFile; fileRef = 9353464527F04DDD00DC6F9E /* GameConstants.swift */; };
		9353AE0D27E6E45600B26E63 /* LandingViewController.swift in Sources */ = {isa = PBXBuildFile; fileRef = 9353AE0C27E6E45600B26E63 /* LandingViewController.swift */; };
		9353AE0F27E6F5D800B26E63 /* SegueIdentifier.swift in Sources */ = {isa = PBXBuildFile; fileRef = 9353AE0E27E6F5D800B26E63 /* SegueIdentifier.swift */; };
		9356AB6927EEF4E0008CDEC1 /* LobbySynchronizer.swift in Sources */ = {isa = PBXBuildFile; fileRef = 9356AB6827EEF4DF008CDEC1 /* LobbySynchronizer.swift */; };
		9356AB6E27EEF719008CDEC1 /* OnlineEvent.swift in Sources */ = {isa = PBXBuildFile; fileRef = 9356AB6D27EEF719008CDEC1 /* OnlineEvent.swift */; };
		9356AB7A27EEFF9D008CDEC1 /* OnlineMoveEvent.swift in Sources */ = {isa = PBXBuildFile; fileRef = 9356AB7927EEFF9D008CDEC1 /* OnlineMoveEvent.swift */; };
		9356F4E427DE20B2007F4D89 /* AuthManager.swift in Sources */ = {isa = PBXBuildFile; fileRef = 9356F4E327DE20B2007F4D89 /* AuthManager.swift */; };
		9356F4E727DE213E007F4D89 /* AuthService.swift in Sources */ = {isa = PBXBuildFile; fileRef = 9356F4E627DE213E007F4D89 /* AuthService.swift */; };
		9359ABB327E0465A00D85899 /* GameMode.swift in Sources */ = {isa = PBXBuildFile; fileRef = 9359ABB227E0465A00D85899 /* GameMode.swift */; };
		9389E5F627D8BFA30049ADDD /* FirebaseAuthManager.swift in Sources */ = {isa = PBXBuildFile; fileRef = 9389E5F527D8BFA30049ADDD /* FirebaseAuthManager.swift */; };
		9389E60727D8C6170049ADDD /* TestFirebaseAuthManager.swift in Sources */ = {isa = PBXBuildFile; fileRef = 9389E60627D8C6170049ADDD /* TestFirebaseAuthManager.swift */; };
		938B022327E0954D003D84CF /* LobbyUpdaterDelegate.swift in Sources */ = {isa = PBXBuildFile; fileRef = 938B022227E0954D003D84CF /* LobbyUpdaterDelegate.swift */; };
		938C15A427DE2A0F00A1892C /* AuthInfo.swift in Sources */ = {isa = PBXBuildFile; fileRef = 938C15A327DE2A0F00A1892C /* AuthInfo.swift */; };
		938C15A727DE4A6500A1892C /* LoginViewController.swift in Sources */ = {isa = PBXBuildFile; fileRef = 938C15A627DE4A6500A1892C /* LoginViewController.swift */; };
		93C2A04627E87FD400294588 /* NetworkedLobby.swift in Sources */ = {isa = PBXBuildFile; fileRef = 93C2A04527E87FD400294588 /* NetworkedLobby.swift */; };
		93D4E17B27DA15550054F45B /* IdentifiableByNetworkID.swift in Sources */ = {isa = PBXBuildFile; fileRef = 93D4E17A27DA15550054F45B /* IdentifiableByNetworkID.swift */; };
		93D4E17D27DA173A0054F45B /* CJNetworkConstants.swift in Sources */ = {isa = PBXBuildFile; fileRef = 93D4E17C27DA173A0054F45B /* CJNetworkConstants.swift */; };
		93D4E18327DA23FF0054F45B /* TestUtils.swift in Sources */ = {isa = PBXBuildFile; fileRef = 93D4E18227DA23FF0054F45B /* TestUtils.swift */; };
		93F28EED27DE8120008CE30C /* SignUpViewController.swift in Sources */ = {isa = PBXBuildFile; fileRef = 93F28EEC27DE8120008CE30C /* SignUpViewController.swift */; };
		A108AB4C27E5033B003157E8 /* ContactResolver.swift in Sources */ = {isa = PBXBuildFile; fileRef = A108AB4B27E5033B003157E8 /* ContactResolver.swift */; };
		A108AB5027E5070E003157E8 /* EventManager.swift in Sources */ = {isa = PBXBuildFile; fileRef = A108AB4F27E5070E003157E8 /* EventManager.swift */; };
		A1347AB127DA6BE00011CF40 /* Event.swift in Sources */ = {isa = PBXBuildFile; fileRef = A1347AB027DA6BE00011CF40 /* Event.swift */; };
		A135932627E392F90034A9F0 /* GameState.swift in Sources */ = {isa = PBXBuildFile; fileRef = A135932527E392F90034A9F0 /* GameState.swift */; };
		A1409A2C27ECB633000008E8 /* GameRules.swift in Sources */ = {isa = PBXBuildFile; fileRef = A1409A2B27ECB633000008E8 /* GameRules.swift */; };
		A1409A2E27ECB69B000008E8 /* GameMetaData.swift in Sources */ = {isa = PBXBuildFile; fileRef = A1409A2D27ECB69B000008E8 /* GameMetaData.swift */; };
		A1409A3027ECB877000008E8 /* TimeTrialGameRules.swift in Sources */ = {isa = PBXBuildFile; fileRef = A1409A2F27ECB877000008E8 /* TimeTrialGameRules.swift */; };
		A1409A3227ECBA59000008E8 /* GameMetaDataDelegate.swift in Sources */ = {isa = PBXBuildFile; fileRef = A1409A3127ECBA59000008E8 /* GameMetaDataDelegate.swift */; };
		A1CFED4D27E5890F0062BCB2 /* TimeTrialGameEndState.swift in Sources */ = {isa = PBXBuildFile; fileRef = A1CFED4C27E5890F0062BCB2 /* TimeTrialGameEndState.swift */; };
		A1D4686D27D9059600C9FB0E /* GameScene.swift in Sources */ = {isa = PBXBuildFile; fileRef = A1D4686C27D9059600C9FB0E /* GameScene.swift */; };
		A1DBB84627D884290077AB96 /* CGPoint+Extension.swift in Sources */ = {isa = PBXBuildFile; fileRef = A1DBB84427D884290077AB96 /* CGPoint+Extension.swift */; };
		A1DBB84727D884290077AB96 /* CGVector+Extension.swift in Sources */ = {isa = PBXBuildFile; fileRef = A1DBB84527D884290077AB96 /* CGVector+Extension.swift */; };
		DC638DD0207FAA225853FCF0 /* Pods_CloudJumpers.framework in Frameworks */ = {isa = PBXBuildFile; fileRef = 1B041A15B790934EA628A8C5 /* Pods_CloudJumpers.framework */; };
/* End PBXBuildFile section */

/* Begin PBXContainerItemProxy section */
		9389E5FF27D8C5EB0049ADDD /* PBXContainerItemProxy */ = {
			isa = PBXContainerItemProxy;
			containerPortal = 1A4E3D6427D85BC80033A29D /* Project object */;
			proxyType = 1;
			remoteGlobalIDString = 1A4E3D6B27D85BC80033A29D;
			remoteInfo = CloudJumpers;
		};
/* End PBXContainerItemProxy section */

/* Begin PBXFileReference section */
		1A4E3D6C27D85BC80033A29D /* CloudJumpers.app */ = {isa = PBXFileReference; explicitFileType = wrapper.application; includeInIndex = 0; path = CloudJumpers.app; sourceTree = BUILT_PRODUCTS_DIR; };
		1A4E3D6F27D85BC80033A29D /* AppDelegate.swift */ = {isa = PBXFileReference; lastKnownFileType = sourcecode.swift; path = AppDelegate.swift; sourceTree = "<group>"; };
		1A4E3D7127D85BC80033A29D /* SceneDelegate.swift */ = {isa = PBXFileReference; lastKnownFileType = sourcecode.swift; path = SceneDelegate.swift; sourceTree = "<group>"; };
		1A4E3D7627D85BC80033A29D /* Base */ = {isa = PBXFileReference; lastKnownFileType = file.storyboard; name = Base; path = Base.lproj/Main.storyboard; sourceTree = "<group>"; };
		1A4E3D7827D85BCA0033A29D /* Assets.xcassets */ = {isa = PBXFileReference; lastKnownFileType = folder.assetcatalog; path = Assets.xcassets; sourceTree = "<group>"; };
		1A4E3D7B27D85BCA0033A29D /* Base */ = {isa = PBXFileReference; lastKnownFileType = file.storyboard; name = Base; path = Base.lproj/LaunchScreen.storyboard; sourceTree = "<group>"; };
		1A4E3D7D27D85BCA0033A29D /* Info.plist */ = {isa = PBXFileReference; lastKnownFileType = text.plist.xml; path = Info.plist; sourceTree = "<group>"; };
		1A91C91727E0969500D755BE /* Images.swift */ = {isa = PBXFileReference; lastKnownFileType = sourcecode.swift; path = Images.swift; sourceTree = "<group>"; };
		1A91C91927E099E000D755BE /* Textures.swift */ = {isa = PBXFileReference; lastKnownFileType = sourcecode.swift; path = Textures.swift; sourceTree = "<group>"; };
		1A91C91F27E099F400D755BE /* Clouds.atlas */ = {isa = PBXFileReference; lastKnownFileType = folder.skatlas; path = Clouds.atlas; sourceTree = "<group>"; };
		1A91C92227E099F400D755BE /* Buttons.atlas */ = {isa = PBXFileReference; lastKnownFileType = folder.skatlas; path = Buttons.atlas; sourceTree = "<group>"; };
		1A91C92A27E09C5600D755BE /* HUD.atlas */ = {isa = PBXFileReference; lastKnownFileType = folder.skatlas; path = HUD.atlas; sourceTree = "<group>"; };
		1A94D93527EB41E0001D8A86 /* Joystick.swift */ = {isa = PBXFileReference; lastKnownFileType = sourcecode.swift; path = Joystick.swift; sourceTree = "<group>"; };
		1A94D93727EB4AB9001D8A86 /* InputResponder.swift */ = {isa = PBXFileReference; lastKnownFileType = sourcecode.swift; path = InputResponder.swift; sourceTree = "<group>"; };
		1A94D93927EB5090001D8A86 /* JumpButton.swift */ = {isa = PBXFileReference; lastKnownFileType = sourcecode.swift; path = JumpButton.swift; sourceTree = "<group>"; };
		1A94D93B27EB9642001D8A86 /* GameEngine.swift */ = {isa = PBXFileReference; lastKnownFileType = sourcecode.swift; path = GameEngine.swift; sourceTree = "<group>"; };
		1A94D94127ECB808001D8A86 /* Character1.atlas */ = {isa = PBXFileReference; lastKnownFileType = folder.skatlas; path = Character1.atlas; sourceTree = "<group>"; };
		1A94D94727ED8709001D8A86 /* SpriteComponent.swift */ = {isa = PBXFileReference; fileEncoding = 4; lastKnownFileType = sourcecode.swift; path = SpriteComponent.swift; sourceTree = "<group>"; };
		1A94D94827ED8709001D8A86 /* AnimationComponent.swift */ = {isa = PBXFileReference; fileEncoding = 4; lastKnownFileType = sourcecode.swift; path = AnimationComponent.swift; sourceTree = "<group>"; };
		1A94D94927ED8709001D8A86 /* PhysicsComponent.swift */ = {isa = PBXFileReference; fileEncoding = 4; lastKnownFileType = sourcecode.swift; path = PhysicsComponent.swift; sourceTree = "<group>"; };
		1A94D94A27ED8709001D8A86 /* TimedComponent.swift */ = {isa = PBXFileReference; fileEncoding = 4; lastKnownFileType = sourcecode.swift; path = TimedComponent.swift; sourceTree = "<group>"; };
		1A94D94C27ED8709001D8A86 /* TimedLabel.swift */ = {isa = PBXFileReference; fileEncoding = 4; lastKnownFileType = sourcecode.swift; path = TimedLabel.swift; sourceTree = "<group>"; };
		1A94D94D27ED8709001D8A86 /* Cloud.swift */ = {isa = PBXFileReference; fileEncoding = 4; lastKnownFileType = sourcecode.swift; path = Cloud.swift; sourceTree = "<group>"; };
		1A94D94E27ED8709001D8A86 /* Platform.swift */ = {isa = PBXFileReference; fileEncoding = 4; lastKnownFileType = sourcecode.swift; path = Platform.swift; sourceTree = "<group>"; };
		1A94D94F27ED8709001D8A86 /* Player.swift */ = {isa = PBXFileReference; fileEncoding = 4; lastKnownFileType = sourcecode.swift; path = Player.swift; sourceTree = "<group>"; };
		1A94D95127ED8709001D8A86 /* SpriteSystem.swift */ = {isa = PBXFileReference; fileEncoding = 4; lastKnownFileType = sourcecode.swift; path = SpriteSystem.swift; sourceTree = "<group>"; };
		1A94D95227ED8709001D8A86 /* TimedSystem.swift */ = {isa = PBXFileReference; fileEncoding = 4; lastKnownFileType = sourcecode.swift; path = TimedSystem.swift; sourceTree = "<group>"; };
		1A94D95F27EDEA1D001D8A86 /* SKNode+EntityID.swift */ = {isa = PBXFileReference; lastKnownFileType = sourcecode.swift; path = "SKNode+EntityID.swift"; sourceTree = "<group>"; };
		1A94D96127EE02FD001D8A86 /* Events.swift */ = {isa = PBXFileReference; lastKnownFileType = sourcecode.swift; path = Events.swift; sourceTree = "<group>"; };
		1A94D96327EE0D4D001D8A86 /* MoveEvent.swift */ = {isa = PBXFileReference; lastKnownFileType = sourcecode.swift; path = MoveEvent.swift; sourceTree = "<group>"; };
		1A94D96527EE0EF2001D8A86 /* JumpEvent.swift */ = {isa = PBXFileReference; lastKnownFileType = sourcecode.swift; path = JumpEvent.swift; sourceTree = "<group>"; };
		1A94D96727EE12E3001D8A86 /* Heap.swift */ = {isa = PBXFileReference; lastKnownFileType = sourcecode.swift; path = Heap.swift; sourceTree = "<group>"; };
		1A94D96A27EE1465001D8A86 /* PriorityQueue.swift */ = {isa = PBXFileReference; lastKnownFileType = sourcecode.swift; path = PriorityQueue.swift; sourceTree = "<group>"; };
		1A94D96E27EEB360001D8A86 /* AnimateEvent.swift */ = {isa = PBXFileReference; lastKnownFileType = sourcecode.swift; path = AnimateEvent.swift; sourceTree = "<group>"; };
		1A94D97027EEEC36001D8A86 /* InventoryComponent.swift */ = {isa = PBXFileReference; lastKnownFileType = sourcecode.swift; path = InventoryComponent.swift; sourceTree = "<group>"; };
		1A94D97227EEED61001D8A86 /* ObtainEvent.swift */ = {isa = PBXFileReference; lastKnownFileType = sourcecode.swift; path = ObtainEvent.swift; sourceTree = "<group>"; };
		1AC1603D27F19369006E4018 /* Blueprint.swift */ = {isa = PBXFileReference; lastKnownFileType = sourcecode.swift; path = Blueprint.swift; sourceTree = "<group>"; };
		1AC1603F27F19386006E4018 /* LevelGenerator.swift */ = {isa = PBXFileReference; lastKnownFileType = sourcecode.swift; path = LevelGenerator.swift; sourceTree = "<group>"; };
		1AC1605227F2F56D006E4018 /* GameEngine.swift */ = {isa = PBXFileReference; fileEncoding = 4; lastKnownFileType = sourcecode.swift; path = GameEngine.swift; sourceTree = "<group>"; };
		1ACE976D27E60D50005AA18B /* GameEngineDelegate.swift */ = {isa = PBXFileReference; fileEncoding = 4; lastKnownFileType = sourcecode.swift; path = GameEngineDelegate.swift; sourceTree = "<group>"; };
		1ACE97C327EB26BB005AA18B /* Component.swift */ = {isa = PBXFileReference; fileEncoding = 4; lastKnownFileType = sourcecode.swift; path = Component.swift; sourceTree = "<group>"; };
		1ACE97C427EB26BB005AA18B /* EntityManager.swift */ = {isa = PBXFileReference; fileEncoding = 4; lastKnownFileType = sourcecode.swift; path = EntityManager.swift; sourceTree = "<group>"; };
		1ACE97C527EB26BB005AA18B /* Entity.swift */ = {isa = PBXFileReference; fileEncoding = 4; lastKnownFileType = sourcecode.swift; path = Entity.swift; sourceTree = "<group>"; };
		1ACE97C627EB26BB005AA18B /* System.swift */ = {isa = PBXFileReference; fileEncoding = 4; lastKnownFileType = sourcecode.swift; path = System.swift; sourceTree = "<group>"; };
		1ADB964B27E30F6A00D6E130 /* GameSceneDelegate.swift */ = {isa = PBXFileReference; lastKnownFileType = sourcecode.swift; path = GameSceneDelegate.swift; sourceTree = "<group>"; };
		1B041A15B790934EA628A8C5 /* Pods_CloudJumpers.framework */ = {isa = PBXFileReference; explicitFileType = wrapper.framework; includeInIndex = 0; path = Pods_CloudJumpers.framework; sourceTree = BUILT_PRODUCTS_DIR; };
		3DCCCC2BCEC733834AB6F8B8 /* Pods-CloudJumpers.release.xcconfig */ = {isa = PBXFileReference; includeInIndex = 1; lastKnownFileType = text.xcconfig; name = "Pods-CloudJumpers.release.xcconfig"; path = "Target Support Files/Pods-CloudJumpers/Pods-CloudJumpers.release.xcconfig"; sourceTree = "<group>"; };
		3E246B4727DDAB1300D51300 /* GameViewController.swift */ = {isa = PBXFileReference; lastKnownFileType = sourcecode.swift; path = GameViewController.swift; sourceTree = "<group>"; };
		3E246B5227DE05E500D51300 /* SpriteZPosition.swift */ = {isa = PBXFileReference; lastKnownFileType = sourcecode.swift; path = SpriteZPosition.swift; sourceTree = "<group>"; };
		3E246B5627DE0EED00D51300 /* GameScene.sks */ = {isa = PBXFileReference; lastKnownFileType = file.sks; path = GameScene.sks; sourceTree = "<group>"; };
		3E246B8027E3414400D51300 /* EndGameViewController.swift */ = {isa = PBXFileReference; lastKnownFileType = sourcecode.swift; path = EndGameViewController.swift; sourceTree = "<group>"; };
		3E335FC427E6F00700817B5B /* EndGameConstants.swift */ = {isa = PBXFileReference; lastKnownFileType = sourcecode.swift; path = EndGameConstants.swift; sourceTree = "<group>"; };
		3E335FC827E6F51B00817B5B /* EndGameCell.swift */ = {isa = PBXFileReference; lastKnownFileType = sourcecode.swift; path = EndGameCell.swift; sourceTree = "<group>"; };
		3E58412A27DBABF4005B2EB9 /* Constants.swift */ = {isa = PBXFileReference; lastKnownFileType = sourcecode.swift; path = Constants.swift; sourceTree = "<group>"; };
		3E81C0E027EF359300184C55 /* GameArea.swift */ = {isa = PBXFileReference; lastKnownFileType = sourcecode.swift; path = GameArea.swift; sourceTree = "<group>"; };
		3E81C0E227EF36FE00184C55 /* PowerUp.swift */ = {isa = PBXFileReference; lastKnownFileType = sourcecode.swift; path = PowerUp.swift; sourceTree = "<group>"; };
		3E81C0E427EF37BC00184C55 /* PowerUpType.swift */ = {isa = PBXFileReference; lastKnownFileType = sourcecode.swift; path = PowerUpType.swift; sourceTree = "<group>"; };
		3E81C0E727EF3FDF00184C55 /* ActivatePowerUpEvent.swift */ = {isa = PBXFileReference; lastKnownFileType = sourcecode.swift; path = ActivatePowerUpEvent.swift; sourceTree = "<group>"; };
		3E81C0E927EF439700184C55 /* PowerUpEffect.swift */ = {isa = PBXFileReference; lastKnownFileType = sourcecode.swift; path = PowerUpEffect.swift; sourceTree = "<group>"; };
		4384FF4C783FF4777E3F4673 /* Pods_CloudJumpersTests.framework */ = {isa = PBXFileReference; explicitFileType = wrapper.framework; includeInIndex = 0; path = Pods_CloudJumpersTests.framework; sourceTree = BUILT_PRODUCTS_DIR; };
		6D995EF18AD45C5960F62EDB /* Pods-CloudJumpersTests.release.xcconfig */ = {isa = PBXFileReference; includeInIndex = 1; lastKnownFileType = text.xcconfig; name = "Pods-CloudJumpersTests.release.xcconfig"; path = "Target Support Files/Pods-CloudJumpersTests/Pods-CloudJumpersTests.release.xcconfig"; sourceTree = "<group>"; };
		931D130227ECA023002C7AF3 /* GameKeys.swift */ = {isa = PBXFileReference; lastKnownFileType = sourcecode.swift; path = GameKeys.swift; sourceTree = "<group>"; };
		931D130427ECB022002C7AF3 /* DefaultCommand.swift */ = {isa = PBXFileReference; lastKnownFileType = sourcecode.swift; path = DefaultCommand.swift; sourceTree = "<group>"; };
		931D130627ECB50A002C7AF3 /* FirebaseGameEventDispatcher.swift */ = {isa = PBXFileReference; lastKnownFileType = sourcecode.swift; path = FirebaseGameEventDispatcher.swift; sourceTree = "<group>"; };
		931D130A27ECBC50002C7AF3 /* CJNetworkEncoder.swift */ = {isa = PBXFileReference; lastKnownFileType = sourcecode.swift; path = CJNetworkEncoder.swift; sourceTree = "<group>"; };
		93360B8A27EC8AA700808295 /* GameEventCommand.swift */ = {isa = PBXFileReference; lastKnownFileType = sourcecode.swift; path = GameEventCommand.swift; sourceTree = "<group>"; };
		93360B9227EC919100808295 /* MoveEventCommand.swift */ = {isa = PBXFileReference; lastKnownFileType = sourcecode.swift; path = MoveEventCommand.swift; sourceTree = "<group>"; };
		93360B9C27EC9CB100808295 /* GameEventListener.swift */ = {isa = PBXFileReference; lastKnownFileType = sourcecode.swift; path = GameEventListener.swift; sourceTree = "<group>"; };
		93360B9E27EC9CDA00808295 /* GameEventDispatcher.swift */ = {isa = PBXFileReference; lastKnownFileType = sourcecode.swift; path = GameEventDispatcher.swift; sourceTree = "<group>"; };
		93360BA127EC9D4C00808295 /* FirebaseGameEventListener.swift */ = {isa = PBXFileReference; lastKnownFileType = sourcecode.swift; path = FirebaseGameEventListener.swift; sourceTree = "<group>"; };
		9339BF0027E6264800FC8077 /* HighscoreManager.swift */ = {isa = PBXFileReference; lastKnownFileType = sourcecode.swift; path = HighscoreManager.swift; sourceTree = "<group>"; };
		9339BF0227E626AE00FC8077 /* Highscore.swift */ = {isa = PBXFileReference; lastKnownFileType = sourcecode.swift; path = Highscore.swift; sourceTree = "<group>"; };
		9339BF0427E6271E00FC8077 /* HighscoreConstants.swift */ = {isa = PBXFileReference; lastKnownFileType = sourcecode.swift; path = HighscoreConstants.swift; sourceTree = "<group>"; };
		9339BF0627E62E9700FC8077 /* HighscoreResponse.swift */ = {isa = PBXFileReference; lastKnownFileType = sourcecode.swift; path = HighscoreResponse.swift; sourceTree = "<group>"; };
		9344624D27E502DE00063BE9 /* NetworkCallback.swift */ = {isa = PBXFileReference; lastKnownFileType = sourcecode.swift; path = NetworkCallback.swift; sourceTree = "<group>"; };
		9344624F27E5935000063BE9 /* LobbyUserCell.swift */ = {isa = PBXFileReference; lastKnownFileType = sourcecode.swift; path = LobbyUserCell.swift; sourceTree = "<group>"; };
		9344625127E5975300063BE9 /* GoogleService-Info.plist */ = {isa = PBXFileReference; fileEncoding = 4; lastKnownFileType = text.plist.xml; path = "GoogleService-Info.plist"; sourceTree = "<group>"; };
		9344625527E5B90700063BE9 /* ListenerDelegate.swift */ = {isa = PBXFileReference; lastKnownFileType = sourcecode.swift; path = ListenerDelegate.swift; sourceTree = "<group>"; };
		9344625727E5B9A200063BE9 /* FirebaseListenerDelegate.swift */ = {isa = PBXFileReference; lastKnownFileType = sourcecode.swift; path = FirebaseListenerDelegate.swift; sourceTree = "<group>"; };
		934789AB27DEEA5B00324DAF /* AuthToastConstants.swift */ = {isa = PBXFileReference; lastKnownFileType = sourcecode.swift; path = AuthToastConstants.swift; sourceTree = "<group>"; };
		934789B227DF04ED00324DAF /* LobbiesViewController.swift */ = {isa = PBXFileReference; lastKnownFileType = sourcecode.swift; path = LobbiesViewController.swift; sourceTree = "<group>"; };
		934789B427DF04FD00324DAF /* LobbyViewController.swift */ = {isa = PBXFileReference; lastKnownFileType = sourcecode.swift; path = LobbyViewController.swift; sourceTree = "<group>"; };
		934789B727DF06BC00324DAF /* LobbyListing.swift */ = {isa = PBXFileReference; lastKnownFileType = sourcecode.swift; path = LobbyListing.swift; sourceTree = "<group>"; };
		934789B927DF06E300324DAF /* LobbyUser.swift */ = {isa = PBXFileReference; lastKnownFileType = sourcecode.swift; path = LobbyUser.swift; sourceTree = "<group>"; };
		934789BB27DF07E800324DAF /* LobbyUtils.swift */ = {isa = PBXFileReference; lastKnownFileType = sourcecode.swift; path = LobbyUtils.swift; sourceTree = "<group>"; };
		934789BD27DF090900324DAF /* LobbyConstants.swift */ = {isa = PBXFileReference; lastKnownFileType = sourcecode.swift; path = LobbyConstants.swift; sourceTree = "<group>"; };
		934789C127DF0F7F00324DAF /* GameLobby.swift */ = {isa = PBXFileReference; lastKnownFileType = sourcecode.swift; path = GameLobby.swift; sourceTree = "<group>"; };
		934789C527DF1AAB00324DAF /* FirebaseUpdaterDelegate.swift */ = {isa = PBXFileReference; lastKnownFileType = sourcecode.swift; path = FirebaseUpdaterDelegate.swift; sourceTree = "<group>"; };
		934789C727DF576E00324DAF /* LobbyKeys.swift */ = {isa = PBXFileReference; lastKnownFileType = sourcecode.swift; path = LobbyKeys.swift; sourceTree = "<group>"; };
		934789C927DF6B5700324DAF /* LobbyCell.swift */ = {isa = PBXFileReference; lastKnownFileType = sourcecode.swift; path = LobbyCell.swift; sourceTree = "<group>"; };
		9353463D27F02D5400DC6F9E /* OnlineRepositionEvent.swift */ = {isa = PBXFileReference; lastKnownFileType = sourcecode.swift; path = OnlineRepositionEvent.swift; sourceTree = "<group>"; };
		9353463F27F02DA400DC6F9E /* RepositionEventCommand.swift */ = {isa = PBXFileReference; lastKnownFileType = sourcecode.swift; path = RepositionEventCommand.swift; sourceTree = "<group>"; };
		9353464127F02EFA00DC6F9E /* RepositionEvent.swift */ = {isa = PBXFileReference; lastKnownFileType = sourcecode.swift; path = RepositionEvent.swift; sourceTree = "<group>"; };
		9353464527F04DDD00DC6F9E /* GameConstants.swift */ = {isa = PBXFileReference; lastKnownFileType = sourcecode.swift; path = GameConstants.swift; sourceTree = "<group>"; };
		9353AE0C27E6E45600B26E63 /* LandingViewController.swift */ = {isa = PBXFileReference; lastKnownFileType = sourcecode.swift; path = LandingViewController.swift; sourceTree = "<group>"; };
		9353AE0E27E6F5D800B26E63 /* SegueIdentifier.swift */ = {isa = PBXFileReference; lastKnownFileType = sourcecode.swift; path = SegueIdentifier.swift; sourceTree = "<group>"; };
		9356AB6827EEF4DF008CDEC1 /* LobbySynchronizer.swift */ = {isa = PBXFileReference; fileEncoding = 4; lastKnownFileType = sourcecode.swift; path = LobbySynchronizer.swift; sourceTree = "<group>"; };
		9356AB6D27EEF719008CDEC1 /* OnlineEvent.swift */ = {isa = PBXFileReference; lastKnownFileType = sourcecode.swift; path = OnlineEvent.swift; sourceTree = "<group>"; };
		9356AB7927EEFF9D008CDEC1 /* OnlineMoveEvent.swift */ = {isa = PBXFileReference; lastKnownFileType = sourcecode.swift; path = OnlineMoveEvent.swift; sourceTree = "<group>"; };
		9356F4E327DE20B2007F4D89 /* AuthManager.swift */ = {isa = PBXFileReference; lastKnownFileType = sourcecode.swift; path = AuthManager.swift; sourceTree = "<group>"; };
		9356F4E627DE213E007F4D89 /* AuthService.swift */ = {isa = PBXFileReference; lastKnownFileType = sourcecode.swift; path = AuthService.swift; sourceTree = "<group>"; };
		9359ABB227E0465A00D85899 /* GameMode.swift */ = {isa = PBXFileReference; lastKnownFileType = sourcecode.swift; path = GameMode.swift; sourceTree = "<group>"; };
		9389E5F527D8BFA30049ADDD /* FirebaseAuthManager.swift */ = {isa = PBXFileReference; lastKnownFileType = sourcecode.swift; path = FirebaseAuthManager.swift; sourceTree = "<group>"; };
		9389E5FB27D8C5EB0049ADDD /* CloudJumpersTests.xctest */ = {isa = PBXFileReference; explicitFileType = wrapper.cfbundle; includeInIndex = 0; path = CloudJumpersTests.xctest; sourceTree = BUILT_PRODUCTS_DIR; };
		9389E60627D8C6170049ADDD /* TestFirebaseAuthManager.swift */ = {isa = PBXFileReference; lastKnownFileType = sourcecode.swift; path = TestFirebaseAuthManager.swift; sourceTree = "<group>"; };
		938B022227E0954D003D84CF /* LobbyUpdaterDelegate.swift */ = {isa = PBXFileReference; lastKnownFileType = sourcecode.swift; path = LobbyUpdaterDelegate.swift; sourceTree = "<group>"; };
		938C15A327DE2A0F00A1892C /* AuthInfo.swift */ = {isa = PBXFileReference; lastKnownFileType = sourcecode.swift; path = AuthInfo.swift; sourceTree = "<group>"; };
		938C15A627DE4A6500A1892C /* LoginViewController.swift */ = {isa = PBXFileReference; lastKnownFileType = sourcecode.swift; path = LoginViewController.swift; sourceTree = "<group>"; };
		93C2A04527E87FD400294588 /* NetworkedLobby.swift */ = {isa = PBXFileReference; lastKnownFileType = sourcecode.swift; path = NetworkedLobby.swift; sourceTree = "<group>"; };
		93D4E17A27DA15550054F45B /* IdentifiableByNetworkID.swift */ = {isa = PBXFileReference; lastKnownFileType = sourcecode.swift; path = IdentifiableByNetworkID.swift; sourceTree = "<group>"; };
		93D4E17C27DA173A0054F45B /* CJNetworkConstants.swift */ = {isa = PBXFileReference; lastKnownFileType = sourcecode.swift; path = CJNetworkConstants.swift; sourceTree = "<group>"; };
		93D4E18227DA23FF0054F45B /* TestUtils.swift */ = {isa = PBXFileReference; lastKnownFileType = sourcecode.swift; path = TestUtils.swift; sourceTree = "<group>"; };
		93F28EEC27DE8120008CE30C /* SignUpViewController.swift */ = {isa = PBXFileReference; lastKnownFileType = sourcecode.swift; path = SignUpViewController.swift; sourceTree = "<group>"; };
		983CF9D4AF287067931D5ADA /* Pods-CloudJumpers.debug.xcconfig */ = {isa = PBXFileReference; includeInIndex = 1; lastKnownFileType = text.xcconfig; name = "Pods-CloudJumpers.debug.xcconfig"; path = "Target Support Files/Pods-CloudJumpers/Pods-CloudJumpers.debug.xcconfig"; sourceTree = "<group>"; };
		A108AB4B27E5033B003157E8 /* ContactResolver.swift */ = {isa = PBXFileReference; lastKnownFileType = sourcecode.swift; path = ContactResolver.swift; sourceTree = "<group>"; };
		A108AB4F27E5070E003157E8 /* EventManager.swift */ = {isa = PBXFileReference; lastKnownFileType = sourcecode.swift; path = EventManager.swift; sourceTree = "<group>"; };
		A1347AB027DA6BE00011CF40 /* Event.swift */ = {isa = PBXFileReference; lastKnownFileType = sourcecode.swift; path = Event.swift; sourceTree = "<group>"; };
		A135932527E392F90034A9F0 /* GameState.swift */ = {isa = PBXFileReference; lastKnownFileType = sourcecode.swift; path = GameState.swift; sourceTree = "<group>"; };
		A1409A2B27ECB633000008E8 /* GameRules.swift */ = {isa = PBXFileReference; lastKnownFileType = sourcecode.swift; path = GameRules.swift; sourceTree = "<group>"; };
		A1409A2D27ECB69B000008E8 /* GameMetaData.swift */ = {isa = PBXFileReference; lastKnownFileType = sourcecode.swift; path = GameMetaData.swift; sourceTree = "<group>"; };
		A1409A2F27ECB877000008E8 /* TimeTrialGameRules.swift */ = {isa = PBXFileReference; lastKnownFileType = sourcecode.swift; path = TimeTrialGameRules.swift; sourceTree = "<group>"; };
		A1409A3127ECBA59000008E8 /* GameMetaDataDelegate.swift */ = {isa = PBXFileReference; lastKnownFileType = sourcecode.swift; path = GameMetaDataDelegate.swift; sourceTree = "<group>"; };
		A1CFED4C27E5890F0062BCB2 /* TimeTrialGameEndState.swift */ = {isa = PBXFileReference; lastKnownFileType = sourcecode.swift; path = TimeTrialGameEndState.swift; sourceTree = "<group>"; };
		A1D4686C27D9059600C9FB0E /* GameScene.swift */ = {isa = PBXFileReference; lastKnownFileType = sourcecode.swift; path = GameScene.swift; sourceTree = "<group>"; };
		A1DBB84427D884290077AB96 /* CGPoint+Extension.swift */ = {isa = PBXFileReference; fileEncoding = 4; lastKnownFileType = sourcecode.swift; path = "CGPoint+Extension.swift"; sourceTree = "<group>"; };
		A1DBB84527D884290077AB96 /* CGVector+Extension.swift */ = {isa = PBXFileReference; fileEncoding = 4; lastKnownFileType = sourcecode.swift; path = "CGVector+Extension.swift"; sourceTree = "<group>"; };
		BC34B1A3B6845348C7EA0DB0 /* Pods-CloudJumpersTests.debug.xcconfig */ = {isa = PBXFileReference; includeInIndex = 1; lastKnownFileType = text.xcconfig; name = "Pods-CloudJumpersTests.debug.xcconfig"; path = "Target Support Files/Pods-CloudJumpersTests/Pods-CloudJumpersTests.debug.xcconfig"; sourceTree = "<group>"; };
/* End PBXFileReference section */

/* Begin PBXFrameworksBuildPhase section */
		1A4E3D6927D85BC80033A29D /* Frameworks */ = {
			isa = PBXFrameworksBuildPhase;
			buildActionMask = 2147483647;
			files = (
				DC638DD0207FAA225853FCF0 /* Pods_CloudJumpers.framework in Frameworks */,
			);
			runOnlyForDeploymentPostprocessing = 0;
		};
		9389E5F827D8C5EB0049ADDD /* Frameworks */ = {
			isa = PBXFrameworksBuildPhase;
			buildActionMask = 2147483647;
			files = (
				11BCE701FED842995CC620D0 /* Pods_CloudJumpersTests.framework in Frameworks */,
			);
			runOnlyForDeploymentPostprocessing = 0;
		};
/* End PBXFrameworksBuildPhase section */

/* Begin PBXGroup section */
		1A4E3D6327D85BC80033A29D = {
			isa = PBXGroup;
			children = (
				1A4E3D6E27D85BC80033A29D /* CloudJumpers */,
				9389E5FC27D8C5EB0049ADDD /* CloudJumpersTests */,
				1A4E3D6D27D85BC80033A29D /* Products */,
				90C586EF6BCC2E7EFA91485D /* Pods */,
				EA08B77308ED456EC74F5D13 /* Frameworks */,
				1AC1605127F2F561006E4018 /* Recovered References */,
			);
			sourceTree = "<group>";
		};
		1A4E3D6D27D85BC80033A29D /* Products */ = {
			isa = PBXGroup;
			children = (
				1A4E3D6C27D85BC80033A29D /* CloudJumpers.app */,
				9389E5FB27D8C5EB0049ADDD /* CloudJumpersTests.xctest */,
			);
			name = Products;
			sourceTree = "<group>";
		};
		1A4E3D6E27D85BC80033A29D /* CloudJumpers */ = {
			isa = PBXGroup;
			children = (
				A1409A2A27ECB611000008E8 /* GameRules */,
				938C15A527DE4A4B00A1892C /* ViewControllers */,
				93D4E16527DA0C920054F45B /* Networking */,
				9389E5F427D8BF7D0049ADDD /* Authentication */,
				1A94D94527ED84F8001D8A86 /* GameScene */,
				A1DBB84327D884290077AB96 /* Constants */,
				1A94D93227EB41B5001D8A86 /* Input */,
				1ACE97BC27EB2650005AA18B /* EntitySystem */,
				A1DBB82827D884200077AB96 /* GameEngine */,
				A1347AA927DA66A10011CF40 /* Events */,
				1A4E3D6F27D85BC80033A29D /* AppDelegate.swift */,
				1A4E3D7127D85BC80033A29D /* SceneDelegate.swift */,
				1AC1603C27F19358006E4018 /* Levels */,
				1A91C90F27E08D2B00D755BE /* Extensions */,
				1A91C91227E0962F00D755BE /* Resources */,
				1A94D96D27EE1561001D8A86 /* PriorityQueue */,
				1A4E3D7527D85BC80033A29D /* Main.storyboard */,
				1A4E3D7A27D85BCA0033A29D /* LaunchScreen.storyboard */,
				1A4E3D7D27D85BCA0033A29D /* Info.plist */,
				9344625127E5975300063BE9 /* GoogleService-Info.plist */,
			);
			path = CloudJumpers;
			sourceTree = "<group>";
		};
		1A91C90F27E08D2B00D755BE /* Extensions */ = {
			isa = PBXGroup;
			children = (
				A1DBB84427D884290077AB96 /* CGPoint+Extension.swift */,
				A1DBB84527D884290077AB96 /* CGVector+Extension.swift */,
				1A94D95F27EDEA1D001D8A86 /* SKNode+EntityID.swift */,
			);
			path = Extensions;
			sourceTree = "<group>";
		};
		1A91C91227E0962F00D755BE /* Resources */ = {
			isa = PBXGroup;
			children = (
				1A91C91B27E099E700D755BE /* Textures */,
				1A4E3D7827D85BCA0033A29D /* Assets.xcassets */,
				1A91C91727E0969500D755BE /* Images.swift */,
				1A91C91927E099E000D755BE /* Textures.swift */,
			);
			path = Resources;
			sourceTree = "<group>";
		};
		1A91C91B27E099E700D755BE /* Textures */ = {
			isa = PBXGroup;
			children = (
				1A94D94127ECB808001D8A86 /* Character1.atlas */,
				1A91C92227E099F400D755BE /* Buttons.atlas */,
				1A91C91F27E099F400D755BE /* Clouds.atlas */,
				1A91C92A27E09C5600D755BE /* HUD.atlas */,
			);
			path = Textures;
			sourceTree = "<group>";
		};
		1A94D93227EB41B5001D8A86 /* Input */ = {
			isa = PBXGroup;
			children = (
				1A94D93727EB4AB9001D8A86 /* InputResponder.swift */,
				1A94D93527EB41E0001D8A86 /* Joystick.swift */,
				1A94D93927EB5090001D8A86 /* JumpButton.swift */,
				3E81C0E027EF359300184C55 /* GameArea.swift */,
			);
			path = Input;
			sourceTree = "<group>";
		};
		1A94D94527ED84F8001D8A86 /* GameScene */ = {
			isa = PBXGroup;
			children = (
				A1D4686C27D9059600C9FB0E /* GameScene.swift */,
				1ADB964B27E30F6A00D6E130 /* GameSceneDelegate.swift */,
				3E246B5627DE0EED00D51300 /* GameScene.sks */,
			);
			path = GameScene;
			sourceTree = "<group>";
		};
		1A94D94627ED8709001D8A86 /* Components */ = {
			isa = PBXGroup;
			children = (
				1A94D94727ED8709001D8A86 /* SpriteComponent.swift */,
				1A94D94927ED8709001D8A86 /* PhysicsComponent.swift */,
				1A94D94827ED8709001D8A86 /* AnimationComponent.swift */,
				1A94D94A27ED8709001D8A86 /* TimedComponent.swift */,
				1A94D97027EEEC36001D8A86 /* InventoryComponent.swift */,
			);
			path = Components;
			sourceTree = "<group>";
		};
		1A94D94B27ED8709001D8A86 /* Entities */ = {
			isa = PBXGroup;
			children = (
				1A94D94F27ED8709001D8A86 /* Player.swift */,
				3E81C0E627EF3AA200184C55 /* PowerUp */,
				1A94D94D27ED8709001D8A86 /* Cloud.swift */,
				1A94D94E27ED8709001D8A86 /* Platform.swift */,
				1A94D94C27ED8709001D8A86 /* TimedLabel.swift */,
			);
			path = Entities;
			sourceTree = "<group>";
		};
		1A94D95027ED8709001D8A86 /* Systems */ = {
			isa = PBXGroup;
			children = (
				1A94D95127ED8709001D8A86 /* SpriteSystem.swift */,
				1A94D95227ED8709001D8A86 /* TimedSystem.swift */,
			);
			path = Systems;
			sourceTree = "<group>";
		};
		1A94D96D27EE1561001D8A86 /* PriorityQueue */ = {
			isa = PBXGroup;
			children = (
				1A94D96727EE12E3001D8A86 /* Heap.swift */,
				1A94D96A27EE1465001D8A86 /* PriorityQueue.swift */,
			);
			path = PriorityQueue;
			sourceTree = "<group>";
		};
		1AC1603C27F19358006E4018 /* Levels */ = {
			isa = PBXGroup;
			children = (
				1AC1603D27F19369006E4018 /* Blueprint.swift */,
				1AC1603F27F19386006E4018 /* LevelGenerator.swift */,
			);
			path = Levels;
			sourceTree = "<group>";
		};
		1AC1605127F2F561006E4018 /* Recovered References */ = {
			isa = PBXGroup;
			children = (
				1A94D93B27EB9642001D8A86 /* GameEngine.swift */,
			);
			name = "Recovered References";
			sourceTree = "<group>";
		};
		1ACE97BC27EB2650005AA18B /* EntitySystem */ = {
			isa = PBXGroup;
			children = (
				1ACE97C527EB26BB005AA18B /* Entity.swift */,
				1ACE97C327EB26BB005AA18B /* Component.swift */,
				1ACE97C627EB26BB005AA18B /* System.swift */,
				1ACE97C427EB26BB005AA18B /* EntityManager.swift */,
				1A94D94B27ED8709001D8A86 /* Entities */,
				1A94D94627ED8709001D8A86 /* Components */,
				1A94D95027ED8709001D8A86 /* Systems */,
			);
			path = EntitySystem;
			sourceTree = "<group>";
		};
		3E81C0E627EF3AA200184C55 /* PowerUp */ = {
			isa = PBXGroup;
			children = (
				3E81C0E427EF37BC00184C55 /* PowerUpType.swift */,
				3E81C0E227EF36FE00184C55 /* PowerUp.swift */,
				3E81C0E927EF439700184C55 /* PowerUpEffect.swift */,
			);
			path = PowerUp;
			sourceTree = "<group>";
		};
		90C586EF6BCC2E7EFA91485D /* Pods */ = {
			isa = PBXGroup;
			children = (
				983CF9D4AF287067931D5ADA /* Pods-CloudJumpers.debug.xcconfig */,
				3DCCCC2BCEC733834AB6F8B8 /* Pods-CloudJumpers.release.xcconfig */,
				BC34B1A3B6845348C7EA0DB0 /* Pods-CloudJumpersTests.debug.xcconfig */,
				6D995EF18AD45C5960F62EDB /* Pods-CloudJumpersTests.release.xcconfig */,
			);
			path = Pods;
			sourceTree = "<group>";
		};
		931D130927ECBC43002C7AF3 /* Utils */ = {
			isa = PBXGroup;
			children = (
				931D130A27ECBC50002C7AF3 /* CJNetworkEncoder.swift */,
			);
			path = Utils;
			sourceTree = "<group>";
		};
		93360B8427EC687E00808295 /* Game */ = {
			isa = PBXGroup;
			children = (
				9353464527F04DDD00DC6F9E /* GameConstants.swift */,
				931D130227ECA023002C7AF3 /* GameKeys.swift */,
				93360BA027EC9D3B00808295 /* Firebase */,
				93360B9E27EC9CDA00808295 /* GameEventDispatcher.swift */,
				93360B9C27EC9CB100808295 /* GameEventListener.swift */,
				93360B9A27EC97EF00808295 /* Commands */,
			);
			path = Game;
			sourceTree = "<group>";
		};
		93360B9A27EC97EF00808295 /* Commands */ = {
			isa = PBXGroup;
			children = (
				93360B8A27EC8AA700808295 /* GameEventCommand.swift */,
				931D130427ECB022002C7AF3 /* DefaultCommand.swift */,
				93360B9227EC919100808295 /* MoveEventCommand.swift */,
				9353463F27F02DA400DC6F9E /* RepositionEventCommand.swift */,
			);
			path = Commands;
			sourceTree = "<group>";
		};
		93360BA027EC9D3B00808295 /* Firebase */ = {
			isa = PBXGroup;
			children = (
				93360BA127EC9D4C00808295 /* FirebaseGameEventListener.swift */,
				931D130627ECB50A002C7AF3 /* FirebaseGameEventDispatcher.swift */,
			);
			path = Firebase;
			sourceTree = "<group>";
		};
		9339BEFF27E6253600FC8077 /* HighscoreAPI */ = {
			isa = PBXGroup;
			children = (
				9339BF0027E6264800FC8077 /* HighscoreManager.swift */,
				9339BF0227E626AE00FC8077 /* Highscore.swift */,
				9339BF0427E6271E00FC8077 /* HighscoreConstants.swift */,
				9339BF0627E62E9700FC8077 /* HighscoreResponse.swift */,
			);
			path = HighscoreAPI;
			sourceTree = "<group>";
		};
		9344625427E5B8B700063BE9 /* Listeners */ = {
			isa = PBXGroup;
			children = (
				9344625527E5B90700063BE9 /* ListenerDelegate.swift */,
				9344625727E5B9A200063BE9 /* FirebaseListenerDelegate.swift */,
			);
			path = Listeners;
			sourceTree = "<group>";
		};
		934789AA27DEEA4D00324DAF /* Authentication */ = {
			isa = PBXGroup;
			children = (
				938C15A627DE4A6500A1892C /* LoginViewController.swift */,
				93F28EEC27DE8120008CE30C /* SignUpViewController.swift */,
				934789AB27DEEA5B00324DAF /* AuthToastConstants.swift */,
			);
			path = Authentication;
			sourceTree = "<group>";
		};
		934789AE27DEF6F400324DAF /* Game */ = {
			isa = PBXGroup;
			children = (
				3E246B4727DDAB1300D51300 /* GameViewController.swift */,
				3E246B8027E3414400D51300 /* EndGameViewController.swift */,
				3E335FC827E6F51B00817B5B /* EndGameCell.swift */,
			);
			path = Game;
			sourceTree = "<group>";
		};
		934789B127DF04D900324DAF /* Lobby */ = {
			isa = PBXGroup;
			children = (
				934789B227DF04ED00324DAF /* LobbiesViewController.swift */,
				934789B427DF04FD00324DAF /* LobbyViewController.swift */,
				934789C927DF6B5700324DAF /* LobbyCell.swift */,
				9344624F27E5935000063BE9 /* LobbyUserCell.swift */,
			);
			path = Lobby;
			sourceTree = "<group>";
		};
		934789B627DF06A300324DAF /* Lobbies */ = {
			isa = PBXGroup;
			children = (
				9344625427E5B8B700063BE9 /* Listeners */,
				938B022127E0950A003D84CF /* Updaters */,
				934789B927DF06E300324DAF /* LobbyUser.swift */,
				934789B727DF06BC00324DAF /* LobbyListing.swift */,
				934789BD27DF090900324DAF /* LobbyConstants.swift */,
				934789C127DF0F7F00324DAF /* GameLobby.swift */,
				93C2A04527E87FD400294588 /* NetworkedLobby.swift */,
				934789BB27DF07E800324DAF /* LobbyUtils.swift */,
				934789C727DF576E00324DAF /* LobbyKeys.swift */,
				9356AB6827EEF4DF008CDEC1 /* LobbySynchronizer.swift */,
			);
			path = Lobbies;
			sourceTree = "<group>";
		};
		9353AE0B27E6E41A00B26E63 /* Landing */ = {
			isa = PBXGroup;
			children = (
				9353AE0C27E6E45600B26E63 /* LandingViewController.swift */,
			);
			path = Landing;
			sourceTree = "<group>";
		};
		9356AB7327EEFD81008CDEC1 /* Online */ = {
			isa = PBXGroup;
			children = (
				9356AB6D27EEF719008CDEC1 /* OnlineEvent.swift */,
				9356AB7927EEFF9D008CDEC1 /* OnlineMoveEvent.swift */,
				9353463D27F02D5400DC6F9E /* OnlineRepositionEvent.swift */,
			);
			path = Online;
			sourceTree = "<group>";
		};
		9356F4E527DE2129007F4D89 /* Managers */ = {
			isa = PBXGroup;
			children = (
				938C15A327DE2A0F00A1892C /* AuthInfo.swift */,
				9356F4E327DE20B2007F4D89 /* AuthManager.swift */,
				9389E5F527D8BFA30049ADDD /* FirebaseAuthManager.swift */,
			);
			path = Managers;
			sourceTree = "<group>";
		};
		9359ABB127E0464200D85899 /* Modes */ = {
			isa = PBXGroup;
			children = (
				9359ABB227E0465A00D85899 /* GameMode.swift */,
			);
			path = Modes;
			sourceTree = "<group>";
		};
		9389E5F427D8BF7D0049ADDD /* Authentication */ = {
			isa = PBXGroup;
			children = (
				9356F4E527DE2129007F4D89 /* Managers */,
				9356F4E627DE213E007F4D89 /* AuthService.swift */,
			);
			path = Authentication;
			sourceTree = "<group>";
		};
		9389E5FC27D8C5EB0049ADDD /* CloudJumpersTests */ = {
			isa = PBXGroup;
			children = (
				93D4E18127DA23E70054F45B /* TestUtils */,
				93D4E17E27DA21A60054F45B /* NetworkingTests */,
				9389E60527D8C5FD0049ADDD /* AuthenticationTests */,
			);
			path = CloudJumpersTests;
			sourceTree = "<group>";
		};
		9389E60527D8C5FD0049ADDD /* AuthenticationTests */ = {
			isa = PBXGroup;
			children = (
				9389E60627D8C6170049ADDD /* TestFirebaseAuthManager.swift */,
			);
			path = AuthenticationTests;
			sourceTree = "<group>";
		};
		938B022127E0950A003D84CF /* Updaters */ = {
			isa = PBXGroup;
			children = (
				938B022227E0954D003D84CF /* LobbyUpdaterDelegate.swift */,
				934789C527DF1AAB00324DAF /* FirebaseUpdaterDelegate.swift */,
			);
			path = Updaters;
			sourceTree = "<group>";
		};
		938C15A527DE4A4B00A1892C /* ViewControllers */ = {
			isa = PBXGroup;
			children = (
				9353AE0E27E6F5D800B26E63 /* SegueIdentifier.swift */,
				9353AE0B27E6E41A00B26E63 /* Landing */,
				934789B127DF04D900324DAF /* Lobby */,
				934789AE27DEF6F400324DAF /* Game */,
				934789AA27DEEA4D00324DAF /* Authentication */,
			);
			path = ViewControllers;
			sourceTree = "<group>";
		};
		93D4E16527DA0C920054F45B /* Networking */ = {
			isa = PBXGroup;
			children = (
				931D130927ECBC43002C7AF3 /* Utils */,
				93360B8427EC687E00808295 /* Game */,
				934789B627DF06A300324DAF /* Lobbies */,
				9339BEFF27E6253600FC8077 /* HighscoreAPI */,
				93D4E17727DA12330054F45B /* Definitions */,
			);
			path = Networking;
			sourceTree = "<group>";
		};
		93D4E17727DA12330054F45B /* Definitions */ = {
			isa = PBXGroup;
			children = (
				93D4E17A27DA15550054F45B /* IdentifiableByNetworkID.swift */,
				93D4E17C27DA173A0054F45B /* CJNetworkConstants.swift */,
				9344624D27E502DE00063BE9 /* NetworkCallback.swift */,
			);
			path = Definitions;
			sourceTree = "<group>";
		};
		93D4E17E27DA21A60054F45B /* NetworkingTests */ = {
			isa = PBXGroup;
			children = (
			);
			path = NetworkingTests;
			sourceTree = "<group>";
		};
		93D4E18127DA23E70054F45B /* TestUtils */ = {
			isa = PBXGroup;
			children = (
				93D4E18227DA23FF0054F45B /* TestUtils.swift */,
			);
			path = TestUtils;
			sourceTree = "<group>";
		};
		A1347AA927DA66A10011CF40 /* Events */ = {
			isa = PBXGroup;
			children = (
				9356AB7327EEFD81008CDEC1 /* Online */,
				A1347AB027DA6BE00011CF40 /* Event.swift */,
				1A94D96127EE02FD001D8A86 /* Events.swift */,
				A108AB4F27E5070E003157E8 /* EventManager.swift */,
				1A94D96327EE0D4D001D8A86 /* MoveEvent.swift */,
				1A94D96527EE0EF2001D8A86 /* JumpEvent.swift */,
				1A94D96E27EEB360001D8A86 /* AnimateEvent.swift */,
				3E81C0E727EF3FDF00184C55 /* ActivatePowerUpEvent.swift */,
				1A94D97227EEED61001D8A86 /* ObtainEvent.swift */,
				9353464127F02EFA00DC6F9E /* RepositionEvent.swift */,
			);
			path = Events;
			sourceTree = "<group>";
		};
		A1409A2A27ECB611000008E8 /* GameRules */ = {
			isa = PBXGroup;
			children = (
				A1409A2B27ECB633000008E8 /* GameRules.swift */,
				A1409A2F27ECB877000008E8 /* TimeTrialGameRules.swift */,
			);
			path = GameRules;
			sourceTree = "<group>";
		};
		A1CFED4927E5813A0062BCB2 /* State */ = {
			isa = PBXGroup;
			children = (
				A135932527E392F90034A9F0 /* GameState.swift */,
				A1CFED4C27E5890F0062BCB2 /* TimeTrialGameEndState.swift */,
			);
			path = State;
			sourceTree = "<group>";
		};
		A1DBB82827D884200077AB96 /* GameEngine */ = {
			isa = PBXGroup;
			children = (
				1AC1605227F2F56D006E4018 /* GameEngine.swift */,
				1ACE976D27E60D50005AA18B /* GameEngineDelegate.swift */,
				A1CFED4927E5813A0062BCB2 /* State */,
				9359ABB127E0464200D85899 /* Modes */,
				A108AB4B27E5033B003157E8 /* ContactResolver.swift */,
				A1409A2D27ECB69B000008E8 /* GameMetaData.swift */,
				A1409A3127ECBA59000008E8 /* GameMetaDataDelegate.swift */,
			);
			path = GameEngine;
			sourceTree = "<group>";
		};
		A1DBB84327D884290077AB96 /* Constants */ = {
			isa = PBXGroup;
			children = (
				3E58412A27DBABF4005B2EB9 /* Constants.swift */,
				3E246B5227DE05E500D51300 /* SpriteZPosition.swift */,
				3E335FC427E6F00700817B5B /* EndGameConstants.swift */,
			);
			path = Constants;
			sourceTree = "<group>";
		};
		EA08B77308ED456EC74F5D13 /* Frameworks */ = {
			isa = PBXGroup;
			children = (
				1B041A15B790934EA628A8C5 /* Pods_CloudJumpers.framework */,
				4384FF4C783FF4777E3F4673 /* Pods_CloudJumpersTests.framework */,
			);
			name = Frameworks;
			sourceTree = "<group>";
		};
/* End PBXGroup section */

/* Begin PBXNativeTarget section */
		1A4E3D6B27D85BC80033A29D /* CloudJumpers */ = {
			isa = PBXNativeTarget;
			buildConfigurationList = 1A4E3D8027D85BCA0033A29D /* Build configuration list for PBXNativeTarget "CloudJumpers" */;
			buildPhases = (
				6D24A65F2D25B9416918C35B /* [CP] Check Pods Manifest.lock */,
				1AB5AB9027D85C3100BECD43 /* ShellScript */,
				1A4E3D6827D85BC80033A29D /* Sources */,
				1A4E3D6927D85BC80033A29D /* Frameworks */,
				1A4E3D6A27D85BC80033A29D /* Resources */,
				C46666828BC96C3147A5C79C /* [CP] Embed Pods Frameworks */,
			);
			buildRules = (
			);
			dependencies = (
			);
			name = CloudJumpers;
			productName = CloudJumpers;
			productReference = 1A4E3D6C27D85BC80033A29D /* CloudJumpers.app */;
			productType = "com.apple.product-type.application";
		};
		9389E5FA27D8C5EB0049ADDD /* CloudJumpersTests */ = {
			isa = PBXNativeTarget;
			buildConfigurationList = 9389E60127D8C5EB0049ADDD /* Build configuration list for PBXNativeTarget "CloudJumpersTests" */;
			buildPhases = (
				E542B24B6B144A606E67020E /* [CP] Check Pods Manifest.lock */,
				934789AD27DEEF8800324DAF /* ShellScript */,
				9389E5F727D8C5EB0049ADDD /* Sources */,
				9389E5F827D8C5EB0049ADDD /* Frameworks */,
				9389E5F927D8C5EB0049ADDD /* Resources */,
				F72BE0C03C6D1D749E76209A /* [CP] Embed Pods Frameworks */,
			);
			buildRules = (
			);
			dependencies = (
				9389E60027D8C5EB0049ADDD /* PBXTargetDependency */,
			);
			name = CloudJumpersTests;
			productName = CloudJumpersTests;
			productReference = 9389E5FB27D8C5EB0049ADDD /* CloudJumpersTests.xctest */;
			productType = "com.apple.product-type.bundle.unit-test";
		};
/* End PBXNativeTarget section */

/* Begin PBXProject section */
		1A4E3D6427D85BC80033A29D /* Project object */ = {
			isa = PBXProject;
			attributes = {
				BuildIndependentTargetsInParallel = 1;
				LastSwiftUpdateCheck = 1320;
				LastUpgradeCheck = 1320;
				TargetAttributes = {
					1A4E3D6B27D85BC80033A29D = {
						CreatedOnToolsVersion = 13.2.1;
					};
					9389E5FA27D8C5EB0049ADDD = {
						CreatedOnToolsVersion = 13.2.1;
						TestTargetID = 1A4E3D6B27D85BC80033A29D;
					};
				};
			};
			buildConfigurationList = 1A4E3D6727D85BC80033A29D /* Build configuration list for PBXProject "CloudJumpers" */;
			compatibilityVersion = "Xcode 13.0";
			developmentRegion = en;
			hasScannedForEncodings = 0;
			knownRegions = (
				en,
				Base,
			);
			mainGroup = 1A4E3D6327D85BC80033A29D;
			productRefGroup = 1A4E3D6D27D85BC80033A29D /* Products */;
			projectDirPath = "";
			projectRoot = "";
			targets = (
				1A4E3D6B27D85BC80033A29D /* CloudJumpers */,
				9389E5FA27D8C5EB0049ADDD /* CloudJumpersTests */,
			);
		};
/* End PBXProject section */

/* Begin PBXResourcesBuildPhase section */
		1A4E3D6A27D85BC80033A29D /* Resources */ = {
			isa = PBXResourcesBuildPhase;
			buildActionMask = 2147483647;
			files = (
				1A4E3D7C27D85BCA0033A29D /* LaunchScreen.storyboard in Resources */,
				1A94D94227ECB808001D8A86 /* Character1.atlas in Resources */,
				3E246B5727DE0EED00D51300 /* GameScene.sks in Resources */,
				1A91C92927E099F400D755BE /* Buttons.atlas in Resources */,
				1A91C92627E099F400D755BE /* Clouds.atlas in Resources */,
				1A4E3D7927D85BCA0033A29D /* Assets.xcassets in Resources */,
				9344625227E5975300063BE9 /* GoogleService-Info.plist in Resources */,
				1A4E3D7727D85BC80033A29D /* Main.storyboard in Resources */,
			);
			runOnlyForDeploymentPostprocessing = 0;
		};
		9389E5F927D8C5EB0049ADDD /* Resources */ = {
			isa = PBXResourcesBuildPhase;
			buildActionMask = 2147483647;
			files = (
			);
			runOnlyForDeploymentPostprocessing = 0;
		};
/* End PBXResourcesBuildPhase section */

/* Begin PBXShellScriptBuildPhase section */
		1AB5AB9027D85C3100BECD43 /* ShellScript */ = {
			isa = PBXShellScriptBuildPhase;
			buildActionMask = 2147483647;
			files = (
			);
			inputFileListPaths = (
			);
			inputPaths = (
			);
			outputFileListPaths = (
			);
			outputPaths = (
			);
			runOnlyForDeploymentPostprocessing = 0;
			shellPath = /bin/sh;
			shellScript = "# Adds support for Apple Silicon brew directory\nexport PATH=\"$PATH:/opt/homebrew/bin\"\n\nif which swiftlint; then\n    swiftlint autocorrect && swiftlint\nelse\n  echo \"warning: SwiftLint not installed, download from https://github.com/realm/SwiftLint\"\nfi\n";
		};
		6D24A65F2D25B9416918C35B /* [CP] Check Pods Manifest.lock */ = {
			isa = PBXShellScriptBuildPhase;
			buildActionMask = 2147483647;
			files = (
			);
			inputFileListPaths = (
			);
			inputPaths = (
				"${PODS_PODFILE_DIR_PATH}/Podfile.lock",
				"${PODS_ROOT}/Manifest.lock",
			);
			name = "[CP] Check Pods Manifest.lock";
			outputFileListPaths = (
			);
			outputPaths = (
				"$(DERIVED_FILE_DIR)/Pods-CloudJumpers-checkManifestLockResult.txt",
			);
			runOnlyForDeploymentPostprocessing = 0;
			shellPath = /bin/sh;
			shellScript = "diff \"${PODS_PODFILE_DIR_PATH}/Podfile.lock\" \"${PODS_ROOT}/Manifest.lock\" > /dev/null\nif [ $? != 0 ] ; then\n    # print error to STDERR\n    echo \"error: The sandbox is not in sync with the Podfile.lock. Run 'pod install' or update your CocoaPods installation.\" >&2\n    exit 1\nfi\n# This output is used by Xcode 'outputs' to avoid re-running this script phase.\necho \"SUCCESS\" > \"${SCRIPT_OUTPUT_FILE_0}\"\n";
			showEnvVarsInLog = 0;
		};
		934789AD27DEEF8800324DAF /* ShellScript */ = {
			isa = PBXShellScriptBuildPhase;
			buildActionMask = 2147483647;
			files = (
			);
			inputFileListPaths = (
			);
			inputPaths = (
			);
			outputFileListPaths = (
			);
			outputPaths = (
			);
			runOnlyForDeploymentPostprocessing = 0;
			shellPath = /bin/sh;
			shellScript = "# Adds support for Apple Silicon brew directory\nexport PATH=\"$PATH:/opt/homebrew/bin\"\n\nif which swiftlint; then\n    swiftlint autocorrect && swiftlint\nelse\n  echo \"warning: SwiftLint not installed, download from https://github.com/realm/SwiftLint\"\nfi\n";
		};
		C46666828BC96C3147A5C79C /* [CP] Embed Pods Frameworks */ = {
			isa = PBXShellScriptBuildPhase;
			buildActionMask = 2147483647;
			files = (
			);
			inputFileListPaths = (
				"${PODS_ROOT}/Target Support Files/Pods-CloudJumpers/Pods-CloudJumpers-frameworks-${CONFIGURATION}-input-files.xcfilelist",
			);
			name = "[CP] Embed Pods Frameworks";
			outputFileListPaths = (
				"${PODS_ROOT}/Target Support Files/Pods-CloudJumpers/Pods-CloudJumpers-frameworks-${CONFIGURATION}-output-files.xcfilelist",
			);
			runOnlyForDeploymentPostprocessing = 0;
			shellPath = /bin/sh;
			shellScript = "\"${PODS_ROOT}/Target Support Files/Pods-CloudJumpers/Pods-CloudJumpers-frameworks.sh\"\n";
			showEnvVarsInLog = 0;
		};
		E542B24B6B144A606E67020E /* [CP] Check Pods Manifest.lock */ = {
			isa = PBXShellScriptBuildPhase;
			buildActionMask = 2147483647;
			files = (
			);
			inputFileListPaths = (
			);
			inputPaths = (
				"${PODS_PODFILE_DIR_PATH}/Podfile.lock",
				"${PODS_ROOT}/Manifest.lock",
			);
			name = "[CP] Check Pods Manifest.lock";
			outputFileListPaths = (
			);
			outputPaths = (
				"$(DERIVED_FILE_DIR)/Pods-CloudJumpersTests-checkManifestLockResult.txt",
			);
			runOnlyForDeploymentPostprocessing = 0;
			shellPath = /bin/sh;
			shellScript = "diff \"${PODS_PODFILE_DIR_PATH}/Podfile.lock\" \"${PODS_ROOT}/Manifest.lock\" > /dev/null\nif [ $? != 0 ] ; then\n    # print error to STDERR\n    echo \"error: The sandbox is not in sync with the Podfile.lock. Run 'pod install' or update your CocoaPods installation.\" >&2\n    exit 1\nfi\n# This output is used by Xcode 'outputs' to avoid re-running this script phase.\necho \"SUCCESS\" > \"${SCRIPT_OUTPUT_FILE_0}\"\n";
			showEnvVarsInLog = 0;
		};
		F72BE0C03C6D1D749E76209A /* [CP] Embed Pods Frameworks */ = {
			isa = PBXShellScriptBuildPhase;
			buildActionMask = 2147483647;
			files = (
			);
			inputFileListPaths = (
				"${PODS_ROOT}/Target Support Files/Pods-CloudJumpersTests/Pods-CloudJumpersTests-frameworks-${CONFIGURATION}-input-files.xcfilelist",
			);
			name = "[CP] Embed Pods Frameworks";
			outputFileListPaths = (
				"${PODS_ROOT}/Target Support Files/Pods-CloudJumpersTests/Pods-CloudJumpersTests-frameworks-${CONFIGURATION}-output-files.xcfilelist",
			);
			runOnlyForDeploymentPostprocessing = 0;
			shellPath = /bin/sh;
			shellScript = "\"${PODS_ROOT}/Target Support Files/Pods-CloudJumpersTests/Pods-CloudJumpersTests-frameworks.sh\"\n";
			showEnvVarsInLog = 0;
		};
/* End PBXShellScriptBuildPhase section */

/* Begin PBXSourcesBuildPhase section */
		1A4E3D6827D85BC80033A29D /* Sources */ = {
			isa = PBXSourcesBuildPhase;
			buildActionMask = 2147483647;
			files = (
				1A94D97127EEEC36001D8A86 /* InventoryComponent.swift in Sources */,
				1A94D95C27ED8709001D8A86 /* TimedSystem.swift in Sources */,
				A1409A2E27ECB69B000008E8 /* GameMetaData.swift in Sources */,
				934789C227DF0F7F00324DAF /* GameLobby.swift in Sources */,
				93D4E17B27DA15550054F45B /* IdentifiableByNetworkID.swift in Sources */,
				93360B9327EC919100808295 /* MoveEventCommand.swift in Sources */,
				93360B9D27EC9CB100808295 /* GameEventListener.swift in Sources */,
				93360B9F27EC9CDA00808295 /* GameEventDispatcher.swift in Sources */,
				A1409A3227ECBA59000008E8 /* GameMetaDataDelegate.swift in Sources */,
				A108AB4C27E5033B003157E8 /* ContactResolver.swift in Sources */,
				1AC1604027F19386006E4018 /* LevelGenerator.swift in Sources */,
				93C2A04627E87FD400294588 /* NetworkedLobby.swift in Sources */,
				1A94D96B27EE1465001D8A86 /* PriorityQueue.swift in Sources */,
				1ACE97C927EB26BB005AA18B /* EntityManager.swift in Sources */,
				9356F4E427DE20B2007F4D89 /* AuthManager.swift in Sources */,
				1A94D93627EB41E0001D8A86 /* Joystick.swift in Sources */,
				1ACE97CA27EB26BB005AA18B /* Entity.swift in Sources */,
				9344625827E5B9A200063BE9 /* FirebaseListenerDelegate.swift in Sources */,
				1A94D93827EB4AB9001D8A86 /* InputResponder.swift in Sources */,
				9359ABB327E0465A00D85899 /* GameMode.swift in Sources */,
				93360BA227EC9D4C00808295 /* FirebaseGameEventListener.swift in Sources */,
				1A94D95527ED8709001D8A86 /* PhysicsComponent.swift in Sources */,
				1A94D95627ED8709001D8A86 /* TimedComponent.swift in Sources */,
				1A94D96027EDEA1D001D8A86 /* SKNode+EntityID.swift in Sources */,
				1A94D97327EEED61001D8A86 /* ObtainEvent.swift in Sources */,
				938B022327E0954D003D84CF /* LobbyUpdaterDelegate.swift in Sources */,
				9353AE0F27E6F5D800B26E63 /* SegueIdentifier.swift in Sources */,
				1A91C91A27E099E000D755BE /* Textures.swift in Sources */,
				A1409A3027ECB877000008E8 /* TimeTrialGameRules.swift in Sources */,
				9339BF0527E6271E00FC8077 /* HighscoreConstants.swift in Sources */,
				9344625627E5B90700063BE9 /* ListenerDelegate.swift in Sources */,
				1A4E3D7027D85BC80033A29D /* AppDelegate.swift in Sources */,
				1A94D93A27EB5090001D8A86 /* JumpButton.swift in Sources */,
				1A94D95727ED8709001D8A86 /* TimedLabel.swift in Sources */,
				934789C827DF576E00324DAF /* LobbyKeys.swift in Sources */,
				1A91C91827E0969500D755BE /* Images.swift in Sources */,
				1A94D96F27EEB361001D8A86 /* AnimateEvent.swift in Sources */,
				9339BF0127E6264800FC8077 /* HighscoreManager.swift in Sources */,
				3E246B4927DDAB3100D51300 /* Constants.swift in Sources */,
				934789B827DF06BC00324DAF /* LobbyListing.swift in Sources */,
				3E81C0E327EF36FE00184C55 /* PowerUp.swift in Sources */,
				934789BC27DF07E800324DAF /* LobbyUtils.swift in Sources */,
				9344624E27E502DE00063BE9 /* NetworkCallback.swift in Sources */,
				A108AB5027E5070E003157E8 /* EventManager.swift in Sources */,
				1A94D95327ED8709001D8A86 /* SpriteComponent.swift in Sources */,
				93D4E17D27DA173A0054F45B /* CJNetworkConstants.swift in Sources */,
				3E246B5327DE05E500D51300 /* SpriteZPosition.swift in Sources */,
				1A94D95A27ED8709001D8A86 /* Player.swift in Sources */,
				1ACE97C827EB26BB005AA18B /* Component.swift in Sources */,
				3E81C0E127EF359300184C55 /* GameArea.swift in Sources */,
				1A94D95827ED8709001D8A86 /* Cloud.swift in Sources */,
				A135932627E392F90034A9F0 /* GameState.swift in Sources */,
				9389E5F627D8BFA30049ADDD /* FirebaseAuthManager.swift in Sources */,
				A1347AB127DA6BE00011CF40 /* Event.swift in Sources */,
				931D130527ECB022002C7AF3 /* DefaultCommand.swift in Sources */,
				3E335FC927E6F51B00817B5B /* EndGameCell.swift in Sources */,
				3E246B8127E3414400D51300 /* EndGameViewController.swift in Sources */,
				93F28EED27DE8120008CE30C /* SignUpViewController.swift in Sources */,
				9356AB6927EEF4E0008CDEC1 /* LobbySynchronizer.swift in Sources */,
				1ADB964C27E30F6A00D6E130 /* GameSceneDelegate.swift in Sources */,
				934789AC27DEEA5B00324DAF /* AuthToastConstants.swift in Sources */,
				934789C627DF1AAB00324DAF /* FirebaseUpdaterDelegate.swift in Sources */,
				9339BF0327E626AE00FC8077 /* Highscore.swift in Sources */,
				A1CFED4D27E5890F0062BCB2 /* TimeTrialGameEndState.swift in Sources */,
				1A94D96827EE12E3001D8A86 /* Heap.swift in Sources */,
				1AC1605327F2F56D006E4018 /* GameEngine.swift in Sources */,
				934789BA27DF06E300324DAF /* LobbyUser.swift in Sources */,
				934789CA27DF6B5700324DAF /* LobbyCell.swift in Sources */,
				1A94D95B27ED8709001D8A86 /* SpriteSystem.swift in Sources */,
				9353463E27F02D5400DC6F9E /* OnlineRepositionEvent.swift in Sources */,
				3E246B4827DDAB1300D51300 /* GameViewController.swift in Sources */,
				A1409A2C27ECB633000008E8 /* GameRules.swift in Sources */,
				9353464027F02DA400DC6F9E /* RepositionEventCommand.swift in Sources */,
				A1DBB84727D884290077AB96 /* CGVector+Extension.swift in Sources */,
				3E81C0E827EF3FDF00184C55 /* ActivatePowerUpEvent.swift in Sources */,
				A1DBB84627D884290077AB96 /* CGPoint+Extension.swift in Sources */,
				9344625027E5935000063BE9 /* LobbyUserCell.swift in Sources */,
				934789BE27DF090900324DAF /* LobbyConstants.swift in Sources */,
				931D130327ECA023002C7AF3 /* GameKeys.swift in Sources */,
				93360B8B27EC8AA700808295 /* GameEventCommand.swift in Sources */,
				1A94D96627EE0EF2001D8A86 /* JumpEvent.swift in Sources */,
				A1D4686D27D9059600C9FB0E /* GameScene.swift in Sources */,
				1ACE97CB27EB26BB005AA18B /* System.swift in Sources */,
				3E335FC527E6F00700817B5B /* EndGameConstants.swift in Sources */,
				934789B327DF04ED00324DAF /* LobbiesViewController.swift in Sources */,
				1ACE976E27E60D50005AA18B /* GameEngineDelegate.swift in Sources */,
				938C15A427DE2A0F00A1892C /* AuthInfo.swift in Sources */,
				931D130727ECB50A002C7AF3 /* FirebaseGameEventDispatcher.swift in Sources */,
				938C15A727DE4A6500A1892C /* LoginViewController.swift in Sources */,
				1A94D96227EE02FD001D8A86 /* Events.swift in Sources */,
				1A94D95427ED8709001D8A86 /* AnimationComponent.swift in Sources */,
				3E81C0EA27EF439700184C55 /* PowerUpEffect.swift in Sources */,
				9356F4E727DE213E007F4D89 /* AuthService.swift in Sources */,
				1A4E3D7227D85BC80033A29D /* SceneDelegate.swift in Sources */,
				3E81C0E527EF37BC00184C55 /* PowerUpType.swift in Sources */,
				1A94D96427EE0D4D001D8A86 /* MoveEvent.swift in Sources */,
				9353464627F04DDD00DC6F9E /* GameConstants.swift in Sources */,
				1A94D95927ED8709001D8A86 /* Platform.swift in Sources */,
				1AC1603E27F19369006E4018 /* Blueprint.swift in Sources */,
				934789B527DF04FD00324DAF /* LobbyViewController.swift in Sources */,
				9353464227F02EFA00DC6F9E /* RepositionEvent.swift in Sources */,
				931D130B27ECBC50002C7AF3 /* CJNetworkEncoder.swift in Sources */,
				9356AB7A27EEFF9D008CDEC1 /* OnlineMoveEvent.swift in Sources */,
				9353AE0D27E6E45600B26E63 /* LandingViewController.swift in Sources */,
				9356AB6E27EEF719008CDEC1 /* OnlineEvent.swift in Sources */,
				9339BF0727E62E9700FC8077 /* HighscoreResponse.swift in Sources */,
			);
			runOnlyForDeploymentPostprocessing = 0;
		};
		9389E5F727D8C5EB0049ADDD /* Sources */ = {
			isa = PBXSourcesBuildPhase;
			buildActionMask = 2147483647;
			files = (
				9389E60727D8C6170049ADDD /* TestFirebaseAuthManager.swift in Sources */,
				93D4E18327DA23FF0054F45B /* TestUtils.swift in Sources */,
			);
			runOnlyForDeploymentPostprocessing = 0;
		};
/* End PBXSourcesBuildPhase section */

/* Begin PBXTargetDependency section */
		9389E60027D8C5EB0049ADDD /* PBXTargetDependency */ = {
			isa = PBXTargetDependency;
			target = 1A4E3D6B27D85BC80033A29D /* CloudJumpers */;
			targetProxy = 9389E5FF27D8C5EB0049ADDD /* PBXContainerItemProxy */;
		};
/* End PBXTargetDependency section */

/* Begin PBXVariantGroup section */
		1A4E3D7527D85BC80033A29D /* Main.storyboard */ = {
			isa = PBXVariantGroup;
			children = (
				1A4E3D7627D85BC80033A29D /* Base */,
			);
			name = Main.storyboard;
			sourceTree = "<group>";
		};
		1A4E3D7A27D85BCA0033A29D /* LaunchScreen.storyboard */ = {
			isa = PBXVariantGroup;
			children = (
				1A4E3D7B27D85BCA0033A29D /* Base */,
			);
			name = LaunchScreen.storyboard;
			sourceTree = "<group>";
		};
/* End PBXVariantGroup section */

/* Begin XCBuildConfiguration section */
		1A4E3D7E27D85BCA0033A29D /* Debug */ = {
			isa = XCBuildConfiguration;
			buildSettings = {
				ALWAYS_SEARCH_USER_PATHS = NO;
				CLANG_ANALYZER_NONNULL = YES;
				CLANG_ANALYZER_NUMBER_OBJECT_CONVERSION = YES_AGGRESSIVE;
				CLANG_CXX_LANGUAGE_STANDARD = "gnu++17";
				CLANG_CXX_LIBRARY = "libc++";
				CLANG_ENABLE_MODULES = YES;
				CLANG_ENABLE_OBJC_ARC = YES;
				CLANG_ENABLE_OBJC_WEAK = YES;
				CLANG_WARN_BLOCK_CAPTURE_AUTORELEASING = YES;
				CLANG_WARN_BOOL_CONVERSION = YES;
				CLANG_WARN_COMMA = YES;
				CLANG_WARN_CONSTANT_CONVERSION = YES;
				CLANG_WARN_DEPRECATED_OBJC_IMPLEMENTATIONS = YES;
				CLANG_WARN_DIRECT_OBJC_ISA_USAGE = YES_ERROR;
				CLANG_WARN_DOCUMENTATION_COMMENTS = YES;
				CLANG_WARN_EMPTY_BODY = YES;
				CLANG_WARN_ENUM_CONVERSION = YES;
				CLANG_WARN_INFINITE_RECURSION = YES;
				CLANG_WARN_INT_CONVERSION = YES;
				CLANG_WARN_NON_LITERAL_NULL_CONVERSION = YES;
				CLANG_WARN_OBJC_IMPLICIT_RETAIN_SELF = YES;
				CLANG_WARN_OBJC_LITERAL_CONVERSION = YES;
				CLANG_WARN_OBJC_ROOT_CLASS = YES_ERROR;
				CLANG_WARN_QUOTED_INCLUDE_IN_FRAMEWORK_HEADER = YES;
				CLANG_WARN_RANGE_LOOP_ANALYSIS = YES;
				CLANG_WARN_STRICT_PROTOTYPES = YES;
				CLANG_WARN_SUSPICIOUS_MOVE = YES;
				CLANG_WARN_UNGUARDED_AVAILABILITY = YES_AGGRESSIVE;
				CLANG_WARN_UNREACHABLE_CODE = YES;
				CLANG_WARN__DUPLICATE_METHOD_MATCH = YES;
				COPY_PHASE_STRIP = NO;
				DEBUG_INFORMATION_FORMAT = dwarf;
				ENABLE_STRICT_OBJC_MSGSEND = YES;
				ENABLE_TESTABILITY = YES;
				GCC_C_LANGUAGE_STANDARD = gnu11;
				GCC_DYNAMIC_NO_PIC = NO;
				GCC_NO_COMMON_BLOCKS = YES;
				GCC_OPTIMIZATION_LEVEL = 0;
				GCC_PREPROCESSOR_DEFINITIONS = (
					"DEBUG=1",
					"$(inherited)",
				);
				GCC_WARN_64_TO_32_BIT_CONVERSION = YES;
				GCC_WARN_ABOUT_RETURN_TYPE = YES_ERROR;
				GCC_WARN_UNDECLARED_SELECTOR = YES;
				GCC_WARN_UNINITIALIZED_AUTOS = YES_AGGRESSIVE;
				GCC_WARN_UNUSED_FUNCTION = YES;
				GCC_WARN_UNUSED_VARIABLE = YES;
				IPHONEOS_DEPLOYMENT_TARGET = 15.2;
				MTL_ENABLE_DEBUG_INFO = INCLUDE_SOURCE;
				MTL_FAST_MATH = YES;
				ONLY_ACTIVE_ARCH = YES;
				SDKROOT = iphoneos;
				SWIFT_ACTIVE_COMPILATION_CONDITIONS = DEBUG;
				SWIFT_OPTIMIZATION_LEVEL = "-Onone";
			};
			name = Debug;
		};
		1A4E3D7F27D85BCA0033A29D /* Release */ = {
			isa = XCBuildConfiguration;
			buildSettings = {
				ALWAYS_SEARCH_USER_PATHS = NO;
				CLANG_ANALYZER_NONNULL = YES;
				CLANG_ANALYZER_NUMBER_OBJECT_CONVERSION = YES_AGGRESSIVE;
				CLANG_CXX_LANGUAGE_STANDARD = "gnu++17";
				CLANG_CXX_LIBRARY = "libc++";
				CLANG_ENABLE_MODULES = YES;
				CLANG_ENABLE_OBJC_ARC = YES;
				CLANG_ENABLE_OBJC_WEAK = YES;
				CLANG_WARN_BLOCK_CAPTURE_AUTORELEASING = YES;
				CLANG_WARN_BOOL_CONVERSION = YES;
				CLANG_WARN_COMMA = YES;
				CLANG_WARN_CONSTANT_CONVERSION = YES;
				CLANG_WARN_DEPRECATED_OBJC_IMPLEMENTATIONS = YES;
				CLANG_WARN_DIRECT_OBJC_ISA_USAGE = YES_ERROR;
				CLANG_WARN_DOCUMENTATION_COMMENTS = YES;
				CLANG_WARN_EMPTY_BODY = YES;
				CLANG_WARN_ENUM_CONVERSION = YES;
				CLANG_WARN_INFINITE_RECURSION = YES;
				CLANG_WARN_INT_CONVERSION = YES;
				CLANG_WARN_NON_LITERAL_NULL_CONVERSION = YES;
				CLANG_WARN_OBJC_IMPLICIT_RETAIN_SELF = YES;
				CLANG_WARN_OBJC_LITERAL_CONVERSION = YES;
				CLANG_WARN_OBJC_ROOT_CLASS = YES_ERROR;
				CLANG_WARN_QUOTED_INCLUDE_IN_FRAMEWORK_HEADER = YES;
				CLANG_WARN_RANGE_LOOP_ANALYSIS = YES;
				CLANG_WARN_STRICT_PROTOTYPES = YES;
				CLANG_WARN_SUSPICIOUS_MOVE = YES;
				CLANG_WARN_UNGUARDED_AVAILABILITY = YES_AGGRESSIVE;
				CLANG_WARN_UNREACHABLE_CODE = YES;
				CLANG_WARN__DUPLICATE_METHOD_MATCH = YES;
				COPY_PHASE_STRIP = NO;
				DEBUG_INFORMATION_FORMAT = "dwarf-with-dsym";
				ENABLE_NS_ASSERTIONS = NO;
				ENABLE_STRICT_OBJC_MSGSEND = YES;
				GCC_C_LANGUAGE_STANDARD = gnu11;
				GCC_NO_COMMON_BLOCKS = YES;
				GCC_WARN_64_TO_32_BIT_CONVERSION = YES;
				GCC_WARN_ABOUT_RETURN_TYPE = YES_ERROR;
				GCC_WARN_UNDECLARED_SELECTOR = YES;
				GCC_WARN_UNINITIALIZED_AUTOS = YES_AGGRESSIVE;
				GCC_WARN_UNUSED_FUNCTION = YES;
				GCC_WARN_UNUSED_VARIABLE = YES;
				IPHONEOS_DEPLOYMENT_TARGET = 15.2;
				MTL_ENABLE_DEBUG_INFO = NO;
				MTL_FAST_MATH = YES;
				SDKROOT = iphoneos;
				SWIFT_COMPILATION_MODE = wholemodule;
				SWIFT_OPTIMIZATION_LEVEL = "-O";
				VALIDATE_PRODUCT = YES;
			};
			name = Release;
		};
		1A4E3D8127D85BCA0033A29D /* Debug */ = {
			isa = XCBuildConfiguration;
			baseConfigurationReference = 983CF9D4AF287067931D5ADA /* Pods-CloudJumpers.debug.xcconfig */;
			buildSettings = {
				ASSETCATALOG_COMPILER_APPICON_NAME = AppIcon;
				ASSETCATALOG_COMPILER_GLOBAL_ACCENT_COLOR_NAME = AccentColor;
				CODE_SIGN_STYLE = Automatic;
				CURRENT_PROJECT_VERSION = 1;
				DEVELOPMENT_TEAM = "";
				GENERATE_INFOPLIST_FILE = YES;
				INFOPLIST_FILE = CloudJumpers/Info.plist;
				INFOPLIST_KEY_UIApplicationSupportsIndirectInputEvents = YES;
				INFOPLIST_KEY_UILaunchStoryboardName = LaunchScreen;
				INFOPLIST_KEY_UIMainStoryboardFile = Main;
				INFOPLIST_KEY_UIRequiresFullScreen = YES;
				INFOPLIST_KEY_UISupportedInterfaceOrientations_iPad = "UIInterfaceOrientationPortrait UIInterfaceOrientationPortraitUpsideDown";
				INFOPLIST_KEY_UISupportedInterfaceOrientations_iPhone = "UIInterfaceOrientationPortrait UIInterfaceOrientationLandscapeLeft UIInterfaceOrientationLandscapeRight";
				LD_RUNPATH_SEARCH_PATHS = (
					"$(inherited)",
					"@executable_path/Frameworks",
				);
				MARKETING_VERSION = 1.0;
				PRODUCT_BUNDLE_IDENTIFIER = com.etps.CloudJumpers;
				PRODUCT_NAME = "$(TARGET_NAME)";
				SWIFT_EMIT_LOC_STRINGS = YES;
				SWIFT_VERSION = 5.0;
				TARGETED_DEVICE_FAMILY = 2;
				TEXTURE_ATLAS_MAXIMUM_SIZE = 4096x4096;
			};
			name = Debug;
		};
		1A4E3D8227D85BCA0033A29D /* Release */ = {
			isa = XCBuildConfiguration;
			baseConfigurationReference = 3DCCCC2BCEC733834AB6F8B8 /* Pods-CloudJumpers.release.xcconfig */;
			buildSettings = {
				ASSETCATALOG_COMPILER_APPICON_NAME = AppIcon;
				ASSETCATALOG_COMPILER_GLOBAL_ACCENT_COLOR_NAME = AccentColor;
				CODE_SIGN_STYLE = Automatic;
				CURRENT_PROJECT_VERSION = 1;
				DEVELOPMENT_TEAM = "";
				GENERATE_INFOPLIST_FILE = YES;
				INFOPLIST_FILE = CloudJumpers/Info.plist;
				INFOPLIST_KEY_UIApplicationSupportsIndirectInputEvents = YES;
				INFOPLIST_KEY_UILaunchStoryboardName = LaunchScreen;
				INFOPLIST_KEY_UIMainStoryboardFile = Main;
				INFOPLIST_KEY_UIRequiresFullScreen = YES;
				INFOPLIST_KEY_UISupportedInterfaceOrientations_iPad = "UIInterfaceOrientationPortrait UIInterfaceOrientationPortraitUpsideDown";
				INFOPLIST_KEY_UISupportedInterfaceOrientations_iPhone = "UIInterfaceOrientationPortrait UIInterfaceOrientationLandscapeLeft UIInterfaceOrientationLandscapeRight";
				LD_RUNPATH_SEARCH_PATHS = (
					"$(inherited)",
					"@executable_path/Frameworks",
				);
				MARKETING_VERSION = 1.0;
				PRODUCT_BUNDLE_IDENTIFIER = com.etps.CloudJumpers;
				PRODUCT_NAME = "$(TARGET_NAME)";
				SWIFT_EMIT_LOC_STRINGS = YES;
				SWIFT_VERSION = 5.0;
				TARGETED_DEVICE_FAMILY = 2;
				TEXTURE_ATLAS_MAXIMUM_SIZE = 4096x4096;
			};
			name = Release;
		};
		9389E60227D8C5EB0049ADDD /* Debug */ = {
			isa = XCBuildConfiguration;
			baseConfigurationReference = BC34B1A3B6845348C7EA0DB0 /* Pods-CloudJumpersTests.debug.xcconfig */;
			buildSettings = {
				BUNDLE_LOADER = "$(TEST_HOST)";
				CODE_SIGN_STYLE = Automatic;
				CURRENT_PROJECT_VERSION = 1;
				DEVELOPMENT_TEAM = "";
				GENERATE_INFOPLIST_FILE = YES;
				MARKETING_VERSION = 1.0;
				PRODUCT_BUNDLE_IDENTIFIER = com.etps.CloudJumpersTests;
				PRODUCT_NAME = "$(TARGET_NAME)";
				SWIFT_EMIT_LOC_STRINGS = NO;
				SWIFT_VERSION = 5.0;
				TARGETED_DEVICE_FAMILY = "1,2";
				TEST_HOST = "$(BUILT_PRODUCTS_DIR)/CloudJumpers.app/CloudJumpers";
			};
			name = Debug;
		};
		9389E60327D8C5EB0049ADDD /* Release */ = {
			isa = XCBuildConfiguration;
			baseConfigurationReference = 6D995EF18AD45C5960F62EDB /* Pods-CloudJumpersTests.release.xcconfig */;
			buildSettings = {
				BUNDLE_LOADER = "$(TEST_HOST)";
				CODE_SIGN_STYLE = Automatic;
				CURRENT_PROJECT_VERSION = 1;
				DEVELOPMENT_TEAM = "";
				GENERATE_INFOPLIST_FILE = YES;
				MARKETING_VERSION = 1.0;
				PRODUCT_BUNDLE_IDENTIFIER = com.etps.CloudJumpersTests;
				PRODUCT_NAME = "$(TARGET_NAME)";
				SWIFT_EMIT_LOC_STRINGS = NO;
				SWIFT_VERSION = 5.0;
				TARGETED_DEVICE_FAMILY = "1,2";
				TEST_HOST = "$(BUILT_PRODUCTS_DIR)/CloudJumpers.app/CloudJumpers";
			};
			name = Release;
		};
/* End XCBuildConfiguration section */

/* Begin XCConfigurationList section */
		1A4E3D6727D85BC80033A29D /* Build configuration list for PBXProject "CloudJumpers" */ = {
			isa = XCConfigurationList;
			buildConfigurations = (
				1A4E3D7E27D85BCA0033A29D /* Debug */,
				1A4E3D7F27D85BCA0033A29D /* Release */,
			);
			defaultConfigurationIsVisible = 0;
			defaultConfigurationName = Release;
		};
		1A4E3D8027D85BCA0033A29D /* Build configuration list for PBXNativeTarget "CloudJumpers" */ = {
			isa = XCConfigurationList;
			buildConfigurations = (
				1A4E3D8127D85BCA0033A29D /* Debug */,
				1A4E3D8227D85BCA0033A29D /* Release */,
			);
			defaultConfigurationIsVisible = 0;
			defaultConfigurationName = Release;
		};
		9389E60127D8C5EB0049ADDD /* Build configuration list for PBXNativeTarget "CloudJumpersTests" */ = {
			isa = XCConfigurationList;
			buildConfigurations = (
				9389E60227D8C5EB0049ADDD /* Debug */,
				9389E60327D8C5EB0049ADDD /* Release */,
			);
			defaultConfigurationIsVisible = 0;
			defaultConfigurationName = Release;
		};
/* End XCConfigurationList section */
	};
	rootObject = 1A4E3D6427D85BC80033A29D /* Project object */;
}
