// !$*UTF8*$!
{
	archiveVersion = 1;
	classes = {
	};
	objectVersion = 55;
	objects = {

/* Begin PBXBuildFile section */
		A1BB4D6527D7A8F300418A93 /* Component.swift in Sources */ = {isa = PBXBuildFile; fileRef = A1BB4D6427D7A8F300418A93 /* Component.swift */; };
		A1BB4D6727D7A90C00418A93 /* GameEntity.swift in Sources */ = {isa = PBXBuildFile; fileRef = A1BB4D6627D7A90C00418A93 /* GameEntity.swift */; };
		A1BB4D6C27D7AA2D00418A93 /* Game Engine.swift in Sources */ = {isa = PBXBuildFile; fileRef = A1BB4D6B27D7AA2D00418A93 /* Game Engine.swift */; };
		A1BB4D6F27D7ACC000418A93 /* CGPoint+Extension.swift in Sources */ = {isa = PBXBuildFile; fileRef = A1BB4D6E27D7ACC000418A93 /* CGPoint+Extension.swift */; };
		A1BB4D7127D7ACED00418A93 /* CGVector+Extension.swift in Sources */ = {isa = PBXBuildFile; fileRef = A1BB4D7027D7ACED00418A93 /* CGVector+Extension.swift */; };
		A1BB4D7327D7AD5700418A93 /* Entity.swift in Sources */ = {isa = PBXBuildFile; fileRef = A1BB4D7227D7AD5700418A93 /* Entity.swift */; };
		A1BB4D7627D7AF3100418A93 /* RenderEntity.swift in Sources */ = {isa = PBXBuildFile; fileRef = A1BB4D7527D7AF3100418A93 /* RenderEntity.swift */; };
		A1BB4D7827D7AFC300418A93 /* SinglePlayerGameEngine.swift in Sources */ = {isa = PBXBuildFile; fileRef = A1BB4D7727D7AFC300418A93 /* SinglePlayerGameEngine.swift */; };
		A1BB4D7A27D7B02100418A93 /* PhysicsComponent.swift in Sources */ = {isa = PBXBuildFile; fileRef = A1BB4D7927D7B02100418A93 /* PhysicsComponent.swift */; };
		A1BB4D7C27D7B02C00418A93 /* RenderComponent.swift in Sources */ = {isa = PBXBuildFile; fileRef = A1BB4D7B27D7B02C00418A93 /* RenderComponent.swift */; };
		A1BB4D7E27D7B07D00418A93 /* System.swift in Sources */ = {isa = PBXBuildFile; fileRef = A1BB4D7D27D7B07D00418A93 /* System.swift */; };
		A1BB4D8027D7B0B500418A93 /* EventSystem.swift in Sources */ = {isa = PBXBuildFile; fileRef = A1BB4D7F27D7B0B500418A93 /* EventSystem.swift */; };
		A1BB4D8227D7B0C400418A93 /* PhysicsSystem.swift in Sources */ = {isa = PBXBuildFile; fileRef = A1BB4D8127D7B0C400418A93 /* PhysicsSystem.swift */; };
		A1BF870827D78F700007EF41 /* AppDelegate.swift in Sources */ = {isa = PBXBuildFile; fileRef = A1BF870727D78F700007EF41 /* AppDelegate.swift */; };
		A1BF870A27D78F700007EF41 /* SceneDelegate.swift in Sources */ = {isa = PBXBuildFile; fileRef = A1BF870927D78F700007EF41 /* SceneDelegate.swift */; };
		A1BF870C27D78F700007EF41 /* ViewController.swift in Sources */ = {isa = PBXBuildFile; fileRef = A1BF870B27D78F700007EF41 /* ViewController.swift */; };
		A1BF870F27D78F700007EF41 /* Main.storyboard in Resources */ = {isa = PBXBuildFile; fileRef = A1BF870D27D78F700007EF41 /* Main.storyboard */; };
		A1BF871127D78F700007EF41 /* Assets.xcassets in Resources */ = {isa = PBXBuildFile; fileRef = A1BF871027D78F700007EF41 /* Assets.xcassets */; };
		A1BF871427D78F700007EF41 /* LaunchScreen.storyboard in Resources */ = {isa = PBXBuildFile; fileRef = A1BF871227D78F700007EF41 /* LaunchScreen.storyboard */; };
		A1BF871F27D78F700007EF41 /* Cloud_JumpersTests.swift in Sources */ = {isa = PBXBuildFile; fileRef = A1BF871E27D78F700007EF41 /* Cloud_JumpersTests.swift */; };
		A1BF872927D78F700007EF41 /* Cloud_JumpersUITests.swift in Sources */ = {isa = PBXBuildFile; fileRef = A1BF872827D78F700007EF41 /* Cloud_JumpersUITests.swift */; };
		A1BF872B27D78F700007EF41 /* Cloud_JumpersUITestsLaunchTests.swift in Sources */ = {isa = PBXBuildFile; fileRef = A1BF872A27D78F700007EF41 /* Cloud_JumpersUITestsLaunchTests.swift */; };
/* End PBXBuildFile section */

/* Begin PBXContainerItemProxy section */
		A1BF871B27D78F700007EF41 /* PBXContainerItemProxy */ = {
			isa = PBXContainerItemProxy;
			containerPortal = A1BF86FC27D78F6F0007EF41 /* Project object */;
			proxyType = 1;
			remoteGlobalIDString = A1BF870327D78F700007EF41;
			remoteInfo = "Cloud Jumpers";
		};
		A1BF872527D78F700007EF41 /* PBXContainerItemProxy */ = {
			isa = PBXContainerItemProxy;
			containerPortal = A1BF86FC27D78F6F0007EF41 /* Project object */;
			proxyType = 1;
			remoteGlobalIDString = A1BF870327D78F700007EF41;
			remoteInfo = "Cloud Jumpers";
		};
/* End PBXContainerItemProxy section */

/* Begin PBXFileReference section */
		A1BB4D6427D7A8F300418A93 /* Component.swift */ = {isa = PBXFileReference; lastKnownFileType = sourcecode.swift; path = Component.swift; sourceTree = "<group>"; };
		A1BB4D6627D7A90C00418A93 /* GameEntity.swift */ = {isa = PBXFileReference; lastKnownFileType = sourcecode.swift; path = GameEntity.swift; sourceTree = "<group>"; };
		A1BB4D6B27D7AA2D00418A93 /* Game Engine.swift */ = {isa = PBXFileReference; lastKnownFileType = sourcecode.swift; path = "Game Engine.swift"; sourceTree = "<group>"; };
		A1BB4D6E27D7ACC000418A93 /* CGPoint+Extension.swift */ = {isa = PBXFileReference; lastKnownFileType = sourcecode.swift; path = "CGPoint+Extension.swift"; sourceTree = "<group>"; };
		A1BB4D7027D7ACED00418A93 /* CGVector+Extension.swift */ = {isa = PBXFileReference; lastKnownFileType = sourcecode.swift; path = "CGVector+Extension.swift"; sourceTree = "<group>"; };
		A1BB4D7227D7AD5700418A93 /* Entity.swift */ = {isa = PBXFileReference; lastKnownFileType = sourcecode.swift; path = Entity.swift; sourceTree = "<group>"; };
		A1BB4D7527D7AF3100418A93 /* RenderEntity.swift */ = {isa = PBXFileReference; lastKnownFileType = sourcecode.swift; path = RenderEntity.swift; sourceTree = "<group>"; };
		A1BB4D7727D7AFC300418A93 /* SinglePlayerGameEngine.swift */ = {isa = PBXFileReference; lastKnownFileType = sourcecode.swift; path = SinglePlayerGameEngine.swift; sourceTree = "<group>"; };
		A1BB4D7927D7B02100418A93 /* PhysicsComponent.swift */ = {isa = PBXFileReference; lastKnownFileType = sourcecode.swift; path = PhysicsComponent.swift; sourceTree = "<group>"; };
		A1BB4D7B27D7B02C00418A93 /* RenderComponent.swift */ = {isa = PBXFileReference; lastKnownFileType = sourcecode.swift; path = RenderComponent.swift; sourceTree = "<group>"; };
		A1BB4D7D27D7B07D00418A93 /* System.swift */ = {isa = PBXFileReference; lastKnownFileType = sourcecode.swift; path = System.swift; sourceTree = "<group>"; };
		A1BB4D7F27D7B0B500418A93 /* EventSystem.swift */ = {isa = PBXFileReference; lastKnownFileType = sourcecode.swift; path = EventSystem.swift; sourceTree = "<group>"; };
		A1BB4D8127D7B0C400418A93 /* PhysicsSystem.swift */ = {isa = PBXFileReference; lastKnownFileType = sourcecode.swift; path = PhysicsSystem.swift; sourceTree = "<group>"; };
		A1BF870427D78F700007EF41 /* Cloud Jumpers.app */ = {isa = PBXFileReference; explicitFileType = wrapper.application; includeInIndex = 0; path = "Cloud Jumpers.app"; sourceTree = BUILT_PRODUCTS_DIR; };
		A1BF870727D78F700007EF41 /* AppDelegate.swift */ = {isa = PBXFileReference; lastKnownFileType = sourcecode.swift; path = AppDelegate.swift; sourceTree = "<group>"; };
		A1BF870927D78F700007EF41 /* SceneDelegate.swift */ = {isa = PBXFileReference; lastKnownFileType = sourcecode.swift; path = SceneDelegate.swift; sourceTree = "<group>"; };
		A1BF870B27D78F700007EF41 /* ViewController.swift */ = {isa = PBXFileReference; lastKnownFileType = sourcecode.swift; path = ViewController.swift; sourceTree = "<group>"; };
		A1BF870E27D78F700007EF41 /* Base */ = {isa = PBXFileReference; lastKnownFileType = file.storyboard; name = Base; path = Base.lproj/Main.storyboard; sourceTree = "<group>"; };
		A1BF871027D78F700007EF41 /* Assets.xcassets */ = {isa = PBXFileReference; lastKnownFileType = folder.assetcatalog; path = Assets.xcassets; sourceTree = "<group>"; };
		A1BF871327D78F700007EF41 /* Base */ = {isa = PBXFileReference; lastKnownFileType = file.storyboard; name = Base; path = Base.lproj/LaunchScreen.storyboard; sourceTree = "<group>"; };
		A1BF871527D78F700007EF41 /* Info.plist */ = {isa = PBXFileReference; lastKnownFileType = text.plist.xml; path = Info.plist; sourceTree = "<group>"; };
		A1BF871A27D78F700007EF41 /* Cloud JumpersTests.xctest */ = {isa = PBXFileReference; explicitFileType = wrapper.cfbundle; includeInIndex = 0; path = "Cloud JumpersTests.xctest"; sourceTree = BUILT_PRODUCTS_DIR; };
		A1BF871E27D78F700007EF41 /* Cloud_JumpersTests.swift */ = {isa = PBXFileReference; lastKnownFileType = sourcecode.swift; path = Cloud_JumpersTests.swift; sourceTree = "<group>"; };
		A1BF872427D78F700007EF41 /* Cloud JumpersUITests.xctest */ = {isa = PBXFileReference; explicitFileType = wrapper.cfbundle; includeInIndex = 0; path = "Cloud JumpersUITests.xctest"; sourceTree = BUILT_PRODUCTS_DIR; };
		A1BF872827D78F700007EF41 /* Cloud_JumpersUITests.swift */ = {isa = PBXFileReference; lastKnownFileType = sourcecode.swift; path = Cloud_JumpersUITests.swift; sourceTree = "<group>"; };
		A1BF872A27D78F700007EF41 /* Cloud_JumpersUITestsLaunchTests.swift */ = {isa = PBXFileReference; lastKnownFileType = sourcecode.swift; path = Cloud_JumpersUITestsLaunchTests.swift; sourceTree = "<group>"; };
/* End PBXFileReference section */

/* Begin PBXFrameworksBuildPhase section */
		A1BF870127D78F700007EF41 /* Frameworks */ = {
			isa = PBXFrameworksBuildPhase;
			buildActionMask = 2147483647;
			files = (
			);
			runOnlyForDeploymentPostprocessing = 0;
		};
		A1BF871727D78F700007EF41 /* Frameworks */ = {
			isa = PBXFrameworksBuildPhase;
			buildActionMask = 2147483647;
			files = (
			);
			runOnlyForDeploymentPostprocessing = 0;
		};
		A1BF872127D78F700007EF41 /* Frameworks */ = {
			isa = PBXFrameworksBuildPhase;
			buildActionMask = 2147483647;
			files = (
			);
			runOnlyForDeploymentPostprocessing = 0;
		};
/* End PBXFrameworksBuildPhase section */

/* Begin PBXGroup section */
		A1BB4D6327D7A8DE00418A93 /* Game Engine */ = {
			isa = PBXGroup;
			children = (
				A1BB4D7427D7AE0300418A93 /* Game Engine */,
				A1BB4D6A27D7AA1400418A93 /* Systems */,
				A1BB4D6927D7A91E00418A93 /* Components */,
				A1BB4D6827D7A91200418A93 /* Entities */,
			);
			path = "Game Engine";
			sourceTree = "<group>";
		};
		A1BB4D6827D7A91200418A93 /* Entities */ = {
			isa = PBXGroup;
			children = (
				A1BB4D6627D7A90C00418A93 /* GameEntity.swift */,
				A1BB4D7227D7AD5700418A93 /* Entity.swift */,
				A1BB4D7527D7AF3100418A93 /* RenderEntity.swift */,
			);
			path = Entities;
			sourceTree = "<group>";
		};
		A1BB4D6927D7A91E00418A93 /* Components */ = {
			isa = PBXGroup;
			children = (
				A1BB4D6427D7A8F300418A93 /* Component.swift */,
				A1BB4D7927D7B02100418A93 /* PhysicsComponent.swift */,
				A1BB4D7B27D7B02C00418A93 /* RenderComponent.swift */,
			);
			path = Components;
			sourceTree = "<group>";
		};
		A1BB4D6A27D7AA1400418A93 /* Systems */ = {
			isa = PBXGroup;
			children = (
				A1BB4D7D27D7B07D00418A93 /* System.swift */,
				A1BB4D7F27D7B0B500418A93 /* EventSystem.swift */,
				A1BB4D8127D7B0C400418A93 /* PhysicsSystem.swift */,
			);
			path = Systems;
			sourceTree = "<group>";
		};
		A1BB4D6D27D7AC4D00418A93 /* MathUtils */ = {
			isa = PBXGroup;
			children = (
				A1BB4D6E27D7ACC000418A93 /* CGPoint+Extension.swift */,
				A1BB4D7027D7ACED00418A93 /* CGVector+Extension.swift */,
			);
			path = MathUtils;
			sourceTree = "<group>";
		};
		A1BB4D7427D7AE0300418A93 /* Game Engine */ = {
			isa = PBXGroup;
			children = (
				A1BB4D6B27D7AA2D00418A93 /* Game Engine.swift */,
				A1BB4D7727D7AFC300418A93 /* SinglePlayerGameEngine.swift */,
			);
			path = "Game Engine";
			sourceTree = "<group>";
		};
		A1BF86FB27D78F6F0007EF41 = {
			isa = PBXGroup;
			children = (
				A1BF870627D78F700007EF41 /* Cloud Jumpers */,
				A1BF871D27D78F700007EF41 /* Cloud JumpersTests */,
				A1BF872727D78F700007EF41 /* Cloud JumpersUITests */,
				A1BF870527D78F700007EF41 /* Products */,
			);
			sourceTree = "<group>";
		};
		A1BF870527D78F700007EF41 /* Products */ = {
			isa = PBXGroup;
			children = (
				A1BF870427D78F700007EF41 /* Cloud Jumpers.app */,
				A1BF871A27D78F700007EF41 /* Cloud JumpersTests.xctest */,
				A1BF872427D78F700007EF41 /* Cloud JumpersUITests.xctest */,
			);
			name = Products;
			sourceTree = "<group>";
		};
		A1BF870627D78F700007EF41 /* Cloud Jumpers */ = {
			isa = PBXGroup;
			children = (
				A1BB4D6D27D7AC4D00418A93 /* MathUtils */,
				A1BB4D6327D7A8DE00418A93 /* Game Engine */,
				A1BF870727D78F700007EF41 /* AppDelegate.swift */,
				A1BF870927D78F700007EF41 /* SceneDelegate.swift */,
				A1BF870B27D78F700007EF41 /* ViewController.swift */,
				A1BF870D27D78F700007EF41 /* Main.storyboard */,
				A1BF871027D78F700007EF41 /* Assets.xcassets */,
				A1BF871227D78F700007EF41 /* LaunchScreen.storyboard */,
				A1BF871527D78F700007EF41 /* Info.plist */,
			);
			path = "Cloud Jumpers";
			sourceTree = "<group>";
		};
		A1BF871D27D78F700007EF41 /* Cloud JumpersTests */ = {
			isa = PBXGroup;
			children = (
				A1BF871E27D78F700007EF41 /* Cloud_JumpersTests.swift */,
			);
			path = "Cloud JumpersTests";
			sourceTree = "<group>";
		};
		A1BF872727D78F700007EF41 /* Cloud JumpersUITests */ = {
			isa = PBXGroup;
			children = (
				A1BF872827D78F700007EF41 /* Cloud_JumpersUITests.swift */,
				A1BF872A27D78F700007EF41 /* Cloud_JumpersUITestsLaunchTests.swift */,
			);
			path = "Cloud JumpersUITests";
			sourceTree = "<group>";
		};
/* End PBXGroup section */

/* Begin PBXNativeTarget section */
		A1BF870327D78F700007EF41 /* Cloud Jumpers */ = {
			isa = PBXNativeTarget;
			buildConfigurationList = A1BF872E27D78F700007EF41 /* Build configuration list for PBXNativeTarget "Cloud Jumpers" */;
			buildPhases = (
				A1BF870027D78F700007EF41 /* Sources */,
				A1BF873727D78FD40007EF41 /* ShellScript */,
				A1BF870127D78F700007EF41 /* Frameworks */,
				A1BF870227D78F700007EF41 /* Resources */,
			);
			buildRules = (
			);
			dependencies = (
			);
			name = "Cloud Jumpers";
			productName = "Cloud Jumpers";
			productReference = A1BF870427D78F700007EF41 /* Cloud Jumpers.app */;
			productType = "com.apple.product-type.application";
		};
		A1BF871927D78F700007EF41 /* Cloud JumpersTests */ = {
			isa = PBXNativeTarget;
			buildConfigurationList = A1BF873127D78F700007EF41 /* Build configuration list for PBXNativeTarget "Cloud JumpersTests" */;
			buildPhases = (
				A1BF871627D78F700007EF41 /* Sources */,
				A1BF871727D78F700007EF41 /* Frameworks */,
				A1BF871827D78F700007EF41 /* Resources */,
			);
			buildRules = (
			);
			dependencies = (
				A1BF871C27D78F700007EF41 /* PBXTargetDependency */,
			);
			name = "Cloud JumpersTests";
			productName = "Cloud JumpersTests";
			productReference = A1BF871A27D78F700007EF41 /* Cloud JumpersTests.xctest */;
			productType = "com.apple.product-type.bundle.unit-test";
		};
		A1BF872327D78F700007EF41 /* Cloud JumpersUITests */ = {
			isa = PBXNativeTarget;
			buildConfigurationList = A1BF873427D78F700007EF41 /* Build configuration list for PBXNativeTarget "Cloud JumpersUITests" */;
			buildPhases = (
				A1BF872027D78F700007EF41 /* Sources */,
				A1BF872127D78F700007EF41 /* Frameworks */,
				A1BF872227D78F700007EF41 /* Resources */,
			);
			buildRules = (
			);
			dependencies = (
				A1BF872627D78F700007EF41 /* PBXTargetDependency */,
			);
			name = "Cloud JumpersUITests";
			productName = "Cloud JumpersUITests";
			productReference = A1BF872427D78F700007EF41 /* Cloud JumpersUITests.xctest */;
			productType = "com.apple.product-type.bundle.ui-testing";
		};
/* End PBXNativeTarget section */

/* Begin PBXProject section */
		A1BF86FC27D78F6F0007EF41 /* Project object */ = {
			isa = PBXProject;
			attributes = {
				BuildIndependentTargetsInParallel = 1;
				LastSwiftUpdateCheck = 1320;
				LastUpgradeCheck = 1320;
				TargetAttributes = {
					A1BF870327D78F700007EF41 = {
						CreatedOnToolsVersion = 13.2.1;
					};
					A1BF871927D78F700007EF41 = {
						CreatedOnToolsVersion = 13.2.1;
						TestTargetID = A1BF870327D78F700007EF41;
					};
					A1BF872327D78F700007EF41 = {
						CreatedOnToolsVersion = 13.2.1;
						TestTargetID = A1BF870327D78F700007EF41;
					};
				};
			};
			buildConfigurationList = A1BF86FF27D78F6F0007EF41 /* Build configuration list for PBXProject "Cloud Jumpers" */;
			compatibilityVersion = "Xcode 13.0";
			developmentRegion = en;
			hasScannedForEncodings = 0;
			knownRegions = (
				en,
				Base,
			);
			mainGroup = A1BF86FB27D78F6F0007EF41;
			productRefGroup = A1BF870527D78F700007EF41 /* Products */;
			projectDirPath = "";
			projectRoot = "";
			targets = (
				A1BF870327D78F700007EF41 /* Cloud Jumpers */,
				A1BF871927D78F700007EF41 /* Cloud JumpersTests */,
				A1BF872327D78F700007EF41 /* Cloud JumpersUITests */,
			);
		};
/* End PBXProject section */

/* Begin PBXResourcesBuildPhase section */
		A1BF870227D78F700007EF41 /* Resources */ = {
			isa = PBXResourcesBuildPhase;
			buildActionMask = 2147483647;
			files = (
				A1BF871427D78F700007EF41 /* LaunchScreen.storyboard in Resources */,
				A1BF871127D78F700007EF41 /* Assets.xcassets in Resources */,
				A1BF870F27D78F700007EF41 /* Main.storyboard in Resources */,
			);
			runOnlyForDeploymentPostprocessing = 0;
		};
		A1BF871827D78F700007EF41 /* Resources */ = {
			isa = PBXResourcesBuildPhase;
			buildActionMask = 2147483647;
			files = (
			);
			runOnlyForDeploymentPostprocessing = 0;
		};
		A1BF872227D78F700007EF41 /* Resources */ = {
			isa = PBXResourcesBuildPhase;
			buildActionMask = 2147483647;
			files = (
			);
			runOnlyForDeploymentPostprocessing = 0;
		};
/* End PBXResourcesBuildPhase section */

/* Begin PBXShellScriptBuildPhase section */
		A1BF873727D78FD40007EF41 /* ShellScript */ = {
			isa = PBXShellScriptBuildPhase;
			buildActionMask = 2147483647;
			files = (
			);
			inputFileListPaths = (
			);
			inputPaths = (
			);
			outputFileListPaths = (
			);
			outputPaths = (
			);
			runOnlyForDeploymentPostprocessing = 0;
			shellPath = /bin/sh;
			shellScript = "# Type a script or drag a script file from your workspace to insert its path.\nif test -d \"/opt/homebrew/bin/\"; then\n  PATH=\"/opt/homebrew/bin/:${PATH}\"\nfi\n\nexport PATH\n\nif which swiftlint >/dev/null; then\n  swiftlint --fix && swiftlint\nelse\n  echo \"warning: SwiftLint not installed, download from https://github.com/realm/SwiftLint\"\nfi\n";
		};
/* End PBXShellScriptBuildPhase section */

/* Begin PBXSourcesBuildPhase section */
		A1BF870027D78F700007EF41 /* Sources */ = {
			isa = PBXSourcesBuildPhase;
			buildActionMask = 2147483647;
			files = (
				A1BB4D7627D7AF3100418A93 /* RenderEntity.swift in Sources */,
				A1BB4D7C27D7B02C00418A93 /* RenderComponent.swift in Sources */,
				A1BB4D7127D7ACED00418A93 /* CGVector+Extension.swift in Sources */,
				A1BB4D8027D7B0B500418A93 /* EventSystem.swift in Sources */,
				A1BB4D6C27D7AA2D00418A93 /* Game Engine.swift in Sources */,
				A1BF870C27D78F700007EF41 /* ViewController.swift in Sources */,
				A1BB4D8227D7B0C400418A93 /* PhysicsSystem.swift in Sources */,
				A1BB4D6527D7A8F300418A93 /* Component.swift in Sources */,
				A1BB4D7827D7AFC300418A93 /* SinglePlayerGameEngine.swift in Sources */,
				A1BF870827D78F700007EF41 /* AppDelegate.swift in Sources */,
				A1BB4D7E27D7B07D00418A93 /* System.swift in Sources */,
				A1BB4D7A27D7B02100418A93 /* PhysicsComponent.swift in Sources */,
				A1BB4D7327D7AD5700418A93 /* Entity.swift in Sources */,
				A1BB4D6F27D7ACC000418A93 /* CGPoint+Extension.swift in Sources */,
				A1BF870A27D78F700007EF41 /* SceneDelegate.swift in Sources */,
				A1BB4D6727D7A90C00418A93 /* GameEntity.swift in Sources */,
			);
			runOnlyForDeploymentPostprocessing = 0;
		};
		A1BF871627D78F700007EF41 /* Sources */ = {
			isa = PBXSourcesBuildPhase;
			buildActionMask = 2147483647;
			files = (
				A1BF871F27D78F700007EF41 /* Cloud_JumpersTests.swift in Sources */,
			);
			runOnlyForDeploymentPostprocessing = 0;
		};
		A1BF872027D78F700007EF41 /* Sources */ = {
			isa = PBXSourcesBuildPhase;
			buildActionMask = 2147483647;
			files = (
				A1BF872927D78F700007EF41 /* Cloud_JumpersUITests.swift in Sources */,
				A1BF872B27D78F700007EF41 /* Cloud_JumpersUITestsLaunchTests.swift in Sources */,
			);
			runOnlyForDeploymentPostprocessing = 0;
		};
/* End PBXSourcesBuildPhase section */

/* Begin PBXTargetDependency section */
		A1BF871C27D78F700007EF41 /* PBXTargetDependency */ = {
			isa = PBXTargetDependency;
			target = A1BF870327D78F700007EF41 /* Cloud Jumpers */;
			targetProxy = A1BF871B27D78F700007EF41 /* PBXContainerItemProxy */;
		};
		A1BF872627D78F700007EF41 /* PBXTargetDependency */ = {
			isa = PBXTargetDependency;
			target = A1BF870327D78F700007EF41 /* Cloud Jumpers */;
			targetProxy = A1BF872527D78F700007EF41 /* PBXContainerItemProxy */;
		};
/* End PBXTargetDependency section */

/* Begin PBXVariantGroup section */
		A1BF870D27D78F700007EF41 /* Main.storyboard */ = {
			isa = PBXVariantGroup;
			children = (
				A1BF870E27D78F700007EF41 /* Base */,
			);
			name = Main.storyboard;
			sourceTree = "<group>";
		};
		A1BF871227D78F700007EF41 /* LaunchScreen.storyboard */ = {
			isa = PBXVariantGroup;
			children = (
				A1BF871327D78F700007EF41 /* Base */,
			);
			name = LaunchScreen.storyboard;
			sourceTree = "<group>";
		};
/* End PBXVariantGroup section */

/* Begin XCBuildConfiguration section */
		A1BF872C27D78F700007EF41 /* Debug */ = {
			isa = XCBuildConfiguration;
			buildSettings = {
				ALWAYS_SEARCH_USER_PATHS = NO;
				CLANG_ANALYZER_NONNULL = YES;
				CLANG_ANALYZER_NUMBER_OBJECT_CONVERSION = YES_AGGRESSIVE;
				CLANG_CXX_LANGUAGE_STANDARD = "gnu++17";
				CLANG_CXX_LIBRARY = "libc++";
				CLANG_ENABLE_MODULES = YES;
				CLANG_ENABLE_OBJC_ARC = YES;
				CLANG_ENABLE_OBJC_WEAK = YES;
				CLANG_WARN_BLOCK_CAPTURE_AUTORELEASING = YES;
				CLANG_WARN_BOOL_CONVERSION = YES;
				CLANG_WARN_COMMA = YES;
				CLANG_WARN_CONSTANT_CONVERSION = YES;
				CLANG_WARN_DEPRECATED_OBJC_IMPLEMENTATIONS = YES;
				CLANG_WARN_DIRECT_OBJC_ISA_USAGE = YES_ERROR;
				CLANG_WARN_DOCUMENTATION_COMMENTS = YES;
				CLANG_WARN_EMPTY_BODY = YES;
				CLANG_WARN_ENUM_CONVERSION = YES;
				CLANG_WARN_INFINITE_RECURSION = YES;
				CLANG_WARN_INT_CONVERSION = YES;
				CLANG_WARN_NON_LITERAL_NULL_CONVERSION = YES;
				CLANG_WARN_OBJC_IMPLICIT_RETAIN_SELF = YES;
				CLANG_WARN_OBJC_LITERAL_CONVERSION = YES;
				CLANG_WARN_OBJC_ROOT_CLASS = YES_ERROR;
				CLANG_WARN_QUOTED_INCLUDE_IN_FRAMEWORK_HEADER = YES;
				CLANG_WARN_RANGE_LOOP_ANALYSIS = YES;
				CLANG_WARN_STRICT_PROTOTYPES = YES;
				CLANG_WARN_SUSPICIOUS_MOVE = YES;
				CLANG_WARN_UNGUARDED_AVAILABILITY = YES_AGGRESSIVE;
				CLANG_WARN_UNREACHABLE_CODE = YES;
				CLANG_WARN__DUPLICATE_METHOD_MATCH = YES;
				COPY_PHASE_STRIP = NO;
				DEBUG_INFORMATION_FORMAT = dwarf;
				ENABLE_STRICT_OBJC_MSGSEND = YES;
				ENABLE_TESTABILITY = YES;
				GCC_C_LANGUAGE_STANDARD = gnu11;
				GCC_DYNAMIC_NO_PIC = NO;
				GCC_NO_COMMON_BLOCKS = YES;
				GCC_OPTIMIZATION_LEVEL = 0;
				GCC_PREPROCESSOR_DEFINITIONS = (
					"DEBUG=1",
					"$(inherited)",
				);
				GCC_WARN_64_TO_32_BIT_CONVERSION = YES;
				GCC_WARN_ABOUT_RETURN_TYPE = YES_ERROR;
				GCC_WARN_UNDECLARED_SELECTOR = YES;
				GCC_WARN_UNINITIALIZED_AUTOS = YES_AGGRESSIVE;
				GCC_WARN_UNUSED_FUNCTION = YES;
				GCC_WARN_UNUSED_VARIABLE = YES;
				IPHONEOS_DEPLOYMENT_TARGET = 15.2;
				MTL_ENABLE_DEBUG_INFO = INCLUDE_SOURCE;
				MTL_FAST_MATH = YES;
				ONLY_ACTIVE_ARCH = YES;
				SDKROOT = iphoneos;
				SWIFT_ACTIVE_COMPILATION_CONDITIONS = DEBUG;
				SWIFT_OPTIMIZATION_LEVEL = "-Onone";
			};
			name = Debug;
		};
		A1BF872D27D78F700007EF41 /* Release */ = {
			isa = XCBuildConfiguration;
			buildSettings = {
				ALWAYS_SEARCH_USER_PATHS = NO;
				CLANG_ANALYZER_NONNULL = YES;
				CLANG_ANALYZER_NUMBER_OBJECT_CONVERSION = YES_AGGRESSIVE;
				CLANG_CXX_LANGUAGE_STANDARD = "gnu++17";
				CLANG_CXX_LIBRARY = "libc++";
				CLANG_ENABLE_MODULES = YES;
				CLANG_ENABLE_OBJC_ARC = YES;
				CLANG_ENABLE_OBJC_WEAK = YES;
				CLANG_WARN_BLOCK_CAPTURE_AUTORELEASING = YES;
				CLANG_WARN_BOOL_CONVERSION = YES;
				CLANG_WARN_COMMA = YES;
				CLANG_WARN_CONSTANT_CONVERSION = YES;
				CLANG_WARN_DEPRECATED_OBJC_IMPLEMENTATIONS = YES;
				CLANG_WARN_DIRECT_OBJC_ISA_USAGE = YES_ERROR;
				CLANG_WARN_DOCUMENTATION_COMMENTS = YES;
				CLANG_WARN_EMPTY_BODY = YES;
				CLANG_WARN_ENUM_CONVERSION = YES;
				CLANG_WARN_INFINITE_RECURSION = YES;
				CLANG_WARN_INT_CONVERSION = YES;
				CLANG_WARN_NON_LITERAL_NULL_CONVERSION = YES;
				CLANG_WARN_OBJC_IMPLICIT_RETAIN_SELF = YES;
				CLANG_WARN_OBJC_LITERAL_CONVERSION = YES;
				CLANG_WARN_OBJC_ROOT_CLASS = YES_ERROR;
				CLANG_WARN_QUOTED_INCLUDE_IN_FRAMEWORK_HEADER = YES;
				CLANG_WARN_RANGE_LOOP_ANALYSIS = YES;
				CLANG_WARN_STRICT_PROTOTYPES = YES;
				CLANG_WARN_SUSPICIOUS_MOVE = YES;
				CLANG_WARN_UNGUARDED_AVAILABILITY = YES_AGGRESSIVE;
				CLANG_WARN_UNREACHABLE_CODE = YES;
				CLANG_WARN__DUPLICATE_METHOD_MATCH = YES;
				COPY_PHASE_STRIP = NO;
				DEBUG_INFORMATION_FORMAT = "dwarf-with-dsym";
				ENABLE_NS_ASSERTIONS = NO;
				ENABLE_STRICT_OBJC_MSGSEND = YES;
				GCC_C_LANGUAGE_STANDARD = gnu11;
				GCC_NO_COMMON_BLOCKS = YES;
				GCC_WARN_64_TO_32_BIT_CONVERSION = YES;
				GCC_WARN_ABOUT_RETURN_TYPE = YES_ERROR;
				GCC_WARN_UNDECLARED_SELECTOR = YES;
				GCC_WARN_UNINITIALIZED_AUTOS = YES_AGGRESSIVE;
				GCC_WARN_UNUSED_FUNCTION = YES;
				GCC_WARN_UNUSED_VARIABLE = YES;
				IPHONEOS_DEPLOYMENT_TARGET = 15.2;
				MTL_ENABLE_DEBUG_INFO = NO;
				MTL_FAST_MATH = YES;
				SDKROOT = iphoneos;
				SWIFT_COMPILATION_MODE = wholemodule;
				SWIFT_OPTIMIZATION_LEVEL = "-O";
				VALIDATE_PRODUCT = YES;
			};
			name = Release;
		};
		A1BF872F27D78F700007EF41 /* Debug */ = {
			isa = XCBuildConfiguration;
			buildSettings = {
				ASSETCATALOG_COMPILER_APPICON_NAME = AppIcon;
				ASSETCATALOG_COMPILER_GLOBAL_ACCENT_COLOR_NAME = AccentColor;
				CODE_SIGN_STYLE = Automatic;
				CURRENT_PROJECT_VERSION = 1;
				GENERATE_INFOPLIST_FILE = YES;
				INFOPLIST_FILE = "Cloud Jumpers/Info.plist";
				INFOPLIST_KEY_UIApplicationSupportsIndirectInputEvents = YES;
				INFOPLIST_KEY_UILaunchStoryboardName = LaunchScreen;
				INFOPLIST_KEY_UIMainStoryboardFile = Main;
				INFOPLIST_KEY_UISupportedInterfaceOrientations_iPad = "UIInterfaceOrientationPortrait UIInterfaceOrientationPortraitUpsideDown UIInterfaceOrientationLandscapeLeft UIInterfaceOrientationLandscapeRight";
				INFOPLIST_KEY_UISupportedInterfaceOrientations_iPhone = "UIInterfaceOrientationPortrait UIInterfaceOrientationLandscapeLeft UIInterfaceOrientationLandscapeRight";
				LD_RUNPATH_SEARCH_PATHS = (
					"$(inherited)",
					"@executable_path/Frameworks",
				);
				MARKETING_VERSION = 1.0;
				PRODUCT_BUNDLE_IDENTIFIER = "cs3217.Cloud-Jumpers";
				PRODUCT_NAME = "$(TARGET_NAME)";
				SWIFT_EMIT_LOC_STRINGS = YES;
				SWIFT_VERSION = 5.0;
				TARGETED_DEVICE_FAMILY = "1,2";
			};
			name = Debug;
		};
		A1BF873027D78F700007EF41 /* Release */ = {
			isa = XCBuildConfiguration;
			buildSettings = {
				ASSETCATALOG_COMPILER_APPICON_NAME = AppIcon;
				ASSETCATALOG_COMPILER_GLOBAL_ACCENT_COLOR_NAME = AccentColor;
				CODE_SIGN_STYLE = Automatic;
				CURRENT_PROJECT_VERSION = 1;
				GENERATE_INFOPLIST_FILE = YES;
				INFOPLIST_FILE = "Cloud Jumpers/Info.plist";
				INFOPLIST_KEY_UIApplicationSupportsIndirectInputEvents = YES;
				INFOPLIST_KEY_UILaunchStoryboardName = LaunchScreen;
				INFOPLIST_KEY_UIMainStoryboardFile = Main;
				INFOPLIST_KEY_UISupportedInterfaceOrientations_iPad = "UIInterfaceOrientationPortrait UIInterfaceOrientationPortraitUpsideDown UIInterfaceOrientationLandscapeLeft UIInterfaceOrientationLandscapeRight";
				INFOPLIST_KEY_UISupportedInterfaceOrientations_iPhone = "UIInterfaceOrientationPortrait UIInterfaceOrientationLandscapeLeft UIInterfaceOrientationLandscapeRight";
				LD_RUNPATH_SEARCH_PATHS = (
					"$(inherited)",
					"@executable_path/Frameworks",
				);
				MARKETING_VERSION = 1.0;
				PRODUCT_BUNDLE_IDENTIFIER = "cs3217.Cloud-Jumpers";
				PRODUCT_NAME = "$(TARGET_NAME)";
				SWIFT_EMIT_LOC_STRINGS = YES;
				SWIFT_VERSION = 5.0;
				TARGETED_DEVICE_FAMILY = "1,2";
			};
			name = Release;
		};
		A1BF873227D78F700007EF41 /* Debug */ = {
			isa = XCBuildConfiguration;
			buildSettings = {
				ALWAYS_EMBED_SWIFT_STANDARD_LIBRARIES = YES;
				BUNDLE_LOADER = "$(TEST_HOST)";
				CODE_SIGN_STYLE = Automatic;
				CURRENT_PROJECT_VERSION = 1;
				GENERATE_INFOPLIST_FILE = YES;
				IPHONEOS_DEPLOYMENT_TARGET = 15.2;
				MARKETING_VERSION = 1.0;
				PRODUCT_BUNDLE_IDENTIFIER = "cs3217.Cloud-JumpersTests";
				PRODUCT_NAME = "$(TARGET_NAME)";
				SWIFT_EMIT_LOC_STRINGS = NO;
				SWIFT_VERSION = 5.0;
				TARGETED_DEVICE_FAMILY = "1,2";
				TEST_HOST = "$(BUILT_PRODUCTS_DIR)/Cloud Jumpers.app/Cloud Jumpers";
			};
			name = Debug;
		};
		A1BF873327D78F700007EF41 /* Release */ = {
			isa = XCBuildConfiguration;
			buildSettings = {
				ALWAYS_EMBED_SWIFT_STANDARD_LIBRARIES = YES;
				BUNDLE_LOADER = "$(TEST_HOST)";
				CODE_SIGN_STYLE = Automatic;
				CURRENT_PROJECT_VERSION = 1;
				GENERATE_INFOPLIST_FILE = YES;
				IPHONEOS_DEPLOYMENT_TARGET = 15.2;
				MARKETING_VERSION = 1.0;
				PRODUCT_BUNDLE_IDENTIFIER = "cs3217.Cloud-JumpersTests";
				PRODUCT_NAME = "$(TARGET_NAME)";
				SWIFT_EMIT_LOC_STRINGS = NO;
				SWIFT_VERSION = 5.0;
				TARGETED_DEVICE_FAMILY = "1,2";
				TEST_HOST = "$(BUILT_PRODUCTS_DIR)/Cloud Jumpers.app/Cloud Jumpers";
			};
			name = Release;
		};
		A1BF873527D78F700007EF41 /* Debug */ = {
			isa = XCBuildConfiguration;
			buildSettings = {
				ALWAYS_EMBED_SWIFT_STANDARD_LIBRARIES = YES;
				CODE_SIGN_STYLE = Automatic;
				CURRENT_PROJECT_VERSION = 1;
				GENERATE_INFOPLIST_FILE = YES;
				MARKETING_VERSION = 1.0;
				PRODUCT_BUNDLE_IDENTIFIER = "cs3217.Cloud-JumpersUITests";
				PRODUCT_NAME = "$(TARGET_NAME)";
				SWIFT_EMIT_LOC_STRINGS = NO;
				SWIFT_VERSION = 5.0;
				TARGETED_DEVICE_FAMILY = "1,2";
				TEST_TARGET_NAME = "Cloud Jumpers";
			};
			name = Debug;
		};
		A1BF873627D78F700007EF41 /* Release */ = {
			isa = XCBuildConfiguration;
			buildSettings = {
				ALWAYS_EMBED_SWIFT_STANDARD_LIBRARIES = YES;
				CODE_SIGN_STYLE = Automatic;
				CURRENT_PROJECT_VERSION = 1;
				GENERATE_INFOPLIST_FILE = YES;
				MARKETING_VERSION = 1.0;
				PRODUCT_BUNDLE_IDENTIFIER = "cs3217.Cloud-JumpersUITests";
				PRODUCT_NAME = "$(TARGET_NAME)";
				SWIFT_EMIT_LOC_STRINGS = NO;
				SWIFT_VERSION = 5.0;
				TARGETED_DEVICE_FAMILY = "1,2";
				TEST_TARGET_NAME = "Cloud Jumpers";
			};
			name = Release;
		};
/* End XCBuildConfiguration section */

/* Begin XCConfigurationList section */
		A1BF86FF27D78F6F0007EF41 /* Build configuration list for PBXProject "Cloud Jumpers" */ = {
			isa = XCConfigurationList;
			buildConfigurations = (
				A1BF872C27D78F700007EF41 /* Debug */,
				A1BF872D27D78F700007EF41 /* Release */,
			);
			defaultConfigurationIsVisible = 0;
			defaultConfigurationName = Release;
		};
		A1BF872E27D78F700007EF41 /* Build configuration list for PBXNativeTarget "Cloud Jumpers" */ = {
			isa = XCConfigurationList;
			buildConfigurations = (
				A1BF872F27D78F700007EF41 /* Debug */,
				A1BF873027D78F700007EF41 /* Release */,
			);
			defaultConfigurationIsVisible = 0;
			defaultConfigurationName = Release;
		};
		A1BF873127D78F700007EF41 /* Build configuration list for PBXNativeTarget "Cloud JumpersTests" */ = {
			isa = XCConfigurationList;
			buildConfigurations = (
				A1BF873227D78F700007EF41 /* Debug */,
				A1BF873327D78F700007EF41 /* Release */,
			);
			defaultConfigurationIsVisible = 0;
			defaultConfigurationName = Release;
		};
		A1BF873427D78F700007EF41 /* Build configuration list for PBXNativeTarget "Cloud JumpersUITests" */ = {
			isa = XCConfigurationList;
			buildConfigurations = (
				A1BF873527D78F700007EF41 /* Debug */,
				A1BF873627D78F700007EF41 /* Release */,
			);
			defaultConfigurationIsVisible = 0;
			defaultConfigurationName = Release;
		};
/* End XCConfigurationList section */
	};
	rootObject = A1BF86FC27D78F6F0007EF41 /* Project object */;
}
